{
  "object": {
    "pins": [
      {
        "package": "SwiftFormat",
        "repositoryURL": "https://github.com/nicklockwood/SwiftFormat",
        "state": {
          "branch": null,
          "revision": "5fdd6a5707372450676ad7b5d9fdc0c43fc7717e",
          "version": "0.55.0"
        }
      },
      {
        "package": "SwiftLintPlugins",
        "repositoryURL": "https://github.com/SimplyDanny/SwiftLintPlugins",
        "state": {
          "branch": null,
          "revision": "7c80ce6f142164b0201871e580b021d1b2c69804",
          "version": "0.57.0"
        }
      }
    ]
  },
  "version": 1
}
