// !$*UTF8*$!
{
	archiveVersion = 1;
	classes = {
	};
	objectVersion = 56;
	objects = {

/* Begin PBXBuildFile section */
		0106B6052BE1851B0024AFCB /* MainScreenView.swift in Sources */ = {isa = PBXBuildFile; fileRef = 0106B6042BE1851B0024AFCB /* MainScreenView.swift */; };
		0106B6072BE1859F0024AFCB /* ProfileView.swift in Sources */ = {isa = PBXBuildFile; fileRef = 0106B6062BE1859F0024AFCB /* ProfileView.swift */; };
		0106B6092BE185B40024AFCB /* ExpensesView.swift in Sources */ = {isa = PBXBuildFile; fileRef = 0106B6082BE185B40024AFCB /* ExpensesView.swift */; };
		0106B60F2BE18A5E0024AFCB /* LoginService.swift in Sources */ = {isa = PBXBuildFile; fileRef = 0106B60E2BE18A5E0024AFCB /* LoginService.swift */; };
		0106B6142BE191640024AFCB /* LoginViewModel.swift in Sources */ = {isa = PBXBuildFile; fileRef = 0106B6132BE191640024AFCB /* LoginViewModel.swift */; };
		0106B6162BE191B50024AFCB /* LoginUseCase.swift in Sources */ = {isa = PBXBuildFile; fileRef = 0106B6152BE191B50024AFCB /* LoginUseCase.swift */; };
		0106B6192BE195F10024AFCB /* AuthenticationCoordinator.swift in Sources */ = {isa = PBXBuildFile; fileRef = 0106B6182BE195F10024AFCB /* AuthenticationCoordinator.swift */; };
		0106B61B2BE811B30024AFCB /* AppCoordinator.swift in Sources */ = {isa = PBXBuildFile; fileRef = 0106B61A2BE811B30024AFCB /* AppCoordinator.swift */; };
		0106B61D2BE811E60024AFCB /* MainView.swift in Sources */ = {isa = PBXBuildFile; fileRef = 0106B61C2BE811E60024AFCB /* MainView.swift */; };
		011165D82BD69D7700817935 /* Nestymate.swift in Sources */ = {isa = PBXBuildFile; fileRef = 011165D72BD69D7700817935 /* Nestymate.swift */; };
		013504792BD7D9950000C859 /* ActionButton.swift in Sources */ = {isa = PBXBuildFile; fileRef = 013504782BD7D9950000C859 /* ActionButton.swift */; };
		0135047B2BD7DBE20000C859 /* Localizable.xcstrings in Resources */ = {isa = PBXBuildFile; fileRef = 0135047A2BD7DBE20000C859 /* Localizable.xcstrings */; };
		0135047D2BD8F95E0000C859 /* NestymateTests.swift in Sources */ = {isa = PBXBuildFile; fileRef = 0135047C2BD8F95E0000C859 /* NestymateTests.swift */; };
		013504822BD8FA6E0000C859 /* NestymateUITests.swift in Sources */ = {isa = PBXBuildFile; fileRef = 0135047E2BD8F96B0000C859 /* NestymateUITests.swift */; };
		013504832BD8FA730000C859 /* NestymateUITestsLaunchTests.swift in Sources */ = {isa = PBXBuildFile; fileRef = 0135047F2BD8F96B0000C859 /* NestymateUITestsLaunchTests.swift */; };
		013504852BD900460000C859 /* PaddingManager.swift in Sources */ = {isa = PBXBuildFile; fileRef = 013504842BD900460000C859 /* PaddingManager.swift */; };
		013504872BD90FDB0000C859 /* LoginTextField.swift in Sources */ = {isa = PBXBuildFile; fileRef = 013504862BD90FDB0000C859 /* LoginTextField.swift */; };
		018A04752BD114660051A3A4 /* LoginView.swift in Sources */ = {isa = PBXBuildFile; fileRef = 018A04742BD114660051A3A4 /* LoginView.swift */; };
		01A1B4FF2BD10D920053BE3A /* Assets.xcassets in Resources */ = {isa = PBXBuildFile; fileRef = 01A1B4FE2BD10D920053BE3A /* Assets.xcassets */; };
		01A1B5022BD10D920053BE3A /* Preview Assets.xcassets in Resources */ = {isa = PBXBuildFile; fileRef = 01A1B5012BD10D920053BE3A /* Preview Assets.xcassets */; };
		01B6DF992BD6A1D500E2983E /* FontManager.swift in Sources */ = {isa = PBXBuildFile; fileRef = 01B6DF982BD6A1D500E2983E /* FontManager.swift */; };
		01B6DF9E2BD6A3D900E2983E /* ColorManager.swift in Sources */ = {isa = PBXBuildFile; fileRef = 01B6DF9D2BD6A3D900E2983E /* ColorManager.swift */; };
/* End PBXBuildFile section */

/* Begin PBXContainerItemProxy section */
		01A1B5082BD10D930053BE3A /* PBXContainerItemProxy */ = {
			isa = PBXContainerItemProxy;
			containerPortal = 01A1B4EF2BD10D8C0053BE3A /* Project object */;
			proxyType = 1;
			remoteGlobalIDString = 01A1B4F62BD10D8D0053BE3A;
			remoteInfo = "nestymate-ios";
		};
		01A1B5122BD10D930053BE3A /* PBXContainerItemProxy */ = {
			isa = PBXContainerItemProxy;
			containerPortal = 01A1B4EF2BD10D8C0053BE3A /* Project object */;
			proxyType = 1;
			remoteGlobalIDString = 01A1B4F62BD10D8D0053BE3A;
			remoteInfo = "nestymate-ios";
		};
/* End PBXContainerItemProxy section */

/* Begin PBXFileReference section */
		0106B6042BE1851B0024AFCB /* MainScreenView.swift */ = {isa = PBXFileReference; lastKnownFileType = sourcecode.swift; path = MainScreenView.swift; sourceTree = "<group>"; };
		0106B6062BE1859F0024AFCB /* ProfileView.swift */ = {isa = PBXFileReference; lastKnownFileType = sourcecode.swift; path = ProfileView.swift; sourceTree = "<group>"; };
		0106B6082BE185B40024AFCB /* ExpensesView.swift */ = {isa = PBXFileReference; lastKnownFileType = sourcecode.swift; path = ExpensesView.swift; sourceTree = "<group>"; };
		0106B60E2BE18A5E0024AFCB /* LoginService.swift */ = {isa = PBXFileReference; lastKnownFileType = sourcecode.swift; path = LoginService.swift; sourceTree = "<group>"; };
		0106B6132BE191640024AFCB /* LoginViewModel.swift */ = {isa = PBXFileReference; lastKnownFileType = sourcecode.swift; path = LoginViewModel.swift; sourceTree = "<group>"; };
		0106B6152BE191B50024AFCB /* LoginUseCase.swift */ = {isa = PBXFileReference; lastKnownFileType = sourcecode.swift; path = LoginUseCase.swift; sourceTree = "<group>"; };
		0106B6182BE195F10024AFCB /* AuthenticationCoordinator.swift */ = {isa = PBXFileReference; lastKnownFileType = sourcecode.swift; path = AuthenticationCoordinator.swift; sourceTree = "<group>"; };
		0106B61A2BE811B30024AFCB /* AppCoordinator.swift */ = {isa = PBXFileReference; lastKnownFileType = sourcecode.swift; path = AppCoordinator.swift; sourceTree = "<group>"; };
		0106B61C2BE811E60024AFCB /* MainView.swift */ = {isa = PBXFileReference; lastKnownFileType = sourcecode.swift; path = MainView.swift; sourceTree = "<group>"; };
		011165D72BD69D7700817935 /* Nestymate.swift */ = {isa = PBXFileReference; fileEncoding = 4; lastKnownFileType = sourcecode.swift; name = Nestymate.swift; path = "nestymate-ios/Nestymate.swift"; sourceTree = SOURCE_ROOT; };
		013504782BD7D9950000C859 /* ActionButton.swift */ = {isa = PBXFileReference; lastKnownFileType = sourcecode.swift; path = ActionButton.swift; sourceTree = "<group>"; };
		0135047A2BD7DBE20000C859 /* Localizable.xcstrings */ = {isa = PBXFileReference; lastKnownFileType = text.json.xcstrings; path = Localizable.xcstrings; sourceTree = "<group>"; };
		0135047C2BD8F95E0000C859 /* NestymateTests.swift */ = {isa = PBXFileReference; fileEncoding = 4; lastKnownFileType = sourcecode.swift; path = NestymateTests.swift; sourceTree = "<group>"; };
		0135047E2BD8F96B0000C859 /* NestymateUITests.swift */ = {isa = PBXFileReference; fileEncoding = 4; lastKnownFileType = sourcecode.swift; path = NestymateUITests.swift; sourceTree = "<group>"; };
		0135047F2BD8F96B0000C859 /* NestymateUITestsLaunchTests.swift */ = {isa = PBXFileReference; fileEncoding = 4; lastKnownFileType = sourcecode.swift; path = NestymateUITestsLaunchTests.swift; sourceTree = "<group>"; };
		013504842BD900460000C859 /* PaddingManager.swift */ = {isa = PBXFileReference; lastKnownFileType = sourcecode.swift; path = PaddingManager.swift; sourceTree = "<group>"; };
		013504862BD90FDB0000C859 /* LoginTextField.swift */ = {isa = PBXFileReference; lastKnownFileType = sourcecode.swift; path = LoginTextField.swift; sourceTree = "<group>"; };
		018A04742BD114660051A3A4 /* LoginView.swift */ = {isa = PBXFileReference; lastKnownFileType = sourcecode.swift; path = LoginView.swift; sourceTree = "<group>"; };
		01A1B4F72BD10D8D0053BE3A /* nestymate-ios.app */ = {isa = PBXFileReference; explicitFileType = wrapper.application; includeInIndex = 0; path = "nestymate-ios.app"; sourceTree = BUILT_PRODUCTS_DIR; };
		01A1B4FE2BD10D920053BE3A /* Assets.xcassets */ = {isa = PBXFileReference; lastKnownFileType = folder.assetcatalog; path = Assets.xcassets; sourceTree = "<group>"; };
		01A1B5012BD10D920053BE3A /* Preview Assets.xcassets */ = {isa = PBXFileReference; lastKnownFileType = folder.assetcatalog; path = "Preview Assets.xcassets"; sourceTree = "<group>"; };
		01A1B5072BD10D930053BE3A /* nestymate-iosTests.xctest */ = {isa = PBXFileReference; explicitFileType = wrapper.cfbundle; includeInIndex = 0; path = "nestymate-iosTests.xctest"; sourceTree = BUILT_PRODUCTS_DIR; };
		01A1B5112BD10D930053BE3A /* nestymate-iosUITests.xctest */ = {isa = PBXFileReference; explicitFileType = wrapper.cfbundle; includeInIndex = 0; path = "nestymate-iosUITests.xctest"; sourceTree = BUILT_PRODUCTS_DIR; };
		01B6DF982BD6A1D500E2983E /* FontManager.swift */ = {isa = PBXFileReference; fileEncoding = 4; lastKnownFileType = sourcecode.swift; path = FontManager.swift; sourceTree = "<group>"; };
		01B6DF9D2BD6A3D900E2983E /* ColorManager.swift */ = {isa = PBXFileReference; lastKnownFileType = sourcecode.swift; path = ColorManager.swift; sourceTree = "<group>"; };
/* End PBXFileReference section */

/* Begin PBXFrameworksBuildPhase section */
		01A1B4F42BD10D8D0053BE3A /* Frameworks */ = {
			isa = PBXFrameworksBuildPhase;
			buildActionMask = 2147483647;
			files = (
			);
			runOnlyForDeploymentPostprocessing = 0;
		};
		01A1B5042BD10D930053BE3A /* Frameworks */ = {
			isa = PBXFrameworksBuildPhase;
			buildActionMask = 2147483647;
			files = (
			);
			runOnlyForDeploymentPostprocessing = 0;
		};
		01A1B50E2BD10D930053BE3A /* Frameworks */ = {
			isa = PBXFrameworksBuildPhase;
			buildActionMask = 2147483647;
			files = (
			);
			runOnlyForDeploymentPostprocessing = 0;
		};
/* End PBXFrameworksBuildPhase section */

/* Begin PBXGroup section */
		0106B60A2BE185B90024AFCB /* MainScreen */ = {
			isa = PBXGroup;
			children = (
				0106B6082BE185B40024AFCB /* ExpensesView.swift */,
				0106B6042BE1851B0024AFCB /* MainScreenView.swift */,
				0106B6062BE1859F0024AFCB /* ProfileView.swift */,
			);
			path = MainScreen;
			sourceTree = "<group>";
		};
		0106B60B2BE18A310024AFCB /* ViewModels */ = {
			isa = PBXGroup;
			children = (
				0106B6132BE191640024AFCB /* LoginViewModel.swift */,
			);
			path = ViewModels;
			sourceTree = "<group>";
		};
		0106B60C2BE18A3D0024AFCB /* UseCases */ = {
			isa = PBXGroup;
			children = (
				0106B6152BE191B50024AFCB /* LoginUseCase.swift */,
			);
			path = UseCases;
			sourceTree = "<group>";
		};
		0106B60D2BE18A4C0024AFCB /* Services */ = {
			isa = PBXGroup;
			children = (
				0106B60E2BE18A5E0024AFCB /* LoginService.swift */,
			);
			path = Services;
			sourceTree = "<group>";
		};
		0106B6122BE191310024AFCB /* Models */ = {
			isa = PBXGroup;
			children = (
			);
			path = Models;
			sourceTree = "<group>";
		};
		0106B6172BE195DC0024AFCB /* Coordinators */ = {
			isa = PBXGroup;
			children = (
				0106B6182BE195F10024AFCB /* AuthenticationCoordinator.swift */,
				0106B61A2BE811B30024AFCB /* AppCoordinator.swift */,
			);
			path = Coordinators;
			sourceTree = "<group>";
		};
		013504772BD7D9800000C859 /* Components */ = {
			isa = PBXGroup;
			children = (
				013504782BD7D9950000C859 /* ActionButton.swift */,
				013504862BD90FDB0000C859 /* LoginTextField.swift */,
			);
			path = Components;
			sourceTree = "<group>";
		};
		018A04732BD114330051A3A4 /* Views */ = {
			isa = PBXGroup;
			children = (
				018A04742BD114660051A3A4 /* LoginView.swift */,
				0106B60A2BE185B90024AFCB /* MainScreen */,
				0106B61C2BE811E60024AFCB /* MainView.swift */,
			);
			path = Views;
			sourceTree = "<group>";
		};
		01A1B4EE2BD10D8C0053BE3A = {
			isa = PBXGroup;
			children = (
				0135047A2BD7DBE20000C859 /* Localizable.xcstrings */,
				01A1B4F92BD10D8D0053BE3A /* nestymate-ios */,
				01A1B50A2BD10D930053BE3A /* nestymate-iosTests */,
				01A1B5142BD10D930053BE3A /* nestymate-iosUITests */,
				01A1B4F82BD10D8D0053BE3A /* Products */,
			);
			sourceTree = "<group>";
		};
		01A1B4F82BD10D8D0053BE3A /* Products */ = {
			isa = PBXGroup;
			children = (
				01A1B4F72BD10D8D0053BE3A /* nestymate-ios.app */,
				01A1B5072BD10D930053BE3A /* nestymate-iosTests.xctest */,
				01A1B5112BD10D930053BE3A /* nestymate-iosUITests.xctest */,
			);
			name = Products;
			sourceTree = "<group>";
		};
		01A1B4F92BD10D8D0053BE3A /* nestymate-ios */ = {
			isa = PBXGroup;
			children = (
				0106B6172BE195DC0024AFCB /* Coordinators */,
				0106B6122BE191310024AFCB /* Models */,
				0106B60D2BE18A4C0024AFCB /* Services */,
				0106B60C2BE18A3D0024AFCB /* UseCases */,
				0106B60B2BE18A310024AFCB /* ViewModels */,
				011165D72BD69D7700817935 /* Nestymate.swift */,
				013504772BD7D9800000C859 /* Components */,
				01B6DF9C2BD6A3C400E2983E /* Utils */,
				018A04732BD114330051A3A4 /* Views */,
				01A1B4FE2BD10D920053BE3A /* Assets.xcassets */,
				01A1B5002BD10D920053BE3A /* Preview Content */,
			);
			path = "nestymate-ios";
			sourceTree = "<group>";
		};
		01A1B5002BD10D920053BE3A /* Preview Content */ = {
			isa = PBXGroup;
			children = (
				01A1B5012BD10D920053BE3A /* Preview Assets.xcassets */,
			);
			path = "Preview Content";
			sourceTree = "<group>";
		};
		01A1B50A2BD10D930053BE3A /* nestymate-iosTests */ = {
			isa = PBXGroup;
			children = (
				0135047C2BD8F95E0000C859 /* NestymateTests.swift */,
			);
			path = "nestymate-iosTests";
			sourceTree = "<group>";
		};
		01A1B5142BD10D930053BE3A /* nestymate-iosUITests */ = {
			isa = PBXGroup;
			children = (
				0135047E2BD8F96B0000C859 /* NestymateUITests.swift */,
				0135047F2BD8F96B0000C859 /* NestymateUITestsLaunchTests.swift */,
			);
			path = "nestymate-iosUITests";
			sourceTree = "<group>";
		};
		01B6DF9C2BD6A3C400E2983E /* Utils */ = {
			isa = PBXGroup;
			children = (
				01B6DF982BD6A1D500E2983E /* FontManager.swift */,
				01B6DF9D2BD6A3D900E2983E /* ColorManager.swift */,
				013504842BD900460000C859 /* PaddingManager.swift */,
			);
			path = Utils;
			sourceTree = "<group>";
		};
/* End PBXGroup section */

/* Begin PBXNativeTarget section */
		01A1B4F62BD10D8D0053BE3A /* nestymate-ios */ = {
			isa = PBXNativeTarget;
			buildConfigurationList = 01A1B51B2BD10D930053BE3A /* Build configuration list for PBXNativeTarget "nestymate-ios" */;
			buildPhases = (
				01A1B4F32BD10D8D0053BE3A /* Sources */,
				01A1B4F42BD10D8D0053BE3A /* Frameworks */,
				01A1B4F52BD10D8D0053BE3A /* Resources */,
				01B6DF9B2BD6A2CA00E2983E /* ShellScript */,
			);
			buildRules = (
			);
			dependencies = (
			);
			name = "nestymate-ios";
			productName = "nestymate-ios";
			productReference = 01A1B4F72BD10D8D0053BE3A /* nestymate-ios.app */;
			productType = "com.apple.product-type.application";
		};
		01A1B5062BD10D930053BE3A /* nestymate-iosTests */ = {
			isa = PBXNativeTarget;
			buildConfigurationList = 01A1B51E2BD10D930053BE3A /* Build configuration list for PBXNativeTarget "nestymate-iosTests" */;
			buildPhases = (
				01A1B5032BD10D930053BE3A /* Sources */,
				01A1B5042BD10D930053BE3A /* Frameworks */,
				01A1B5052BD10D930053BE3A /* Resources */,
			);
			buildRules = (
			);
			dependencies = (
				01A1B5092BD10D930053BE3A /* PBXTargetDependency */,
			);
			name = "nestymate-iosTests";
			productName = "nestymate-iosTests";
			productReference = 01A1B5072BD10D930053BE3A /* nestymate-iosTests.xctest */;
			productType = "com.apple.product-type.bundle.unit-test";
		};
		01A1B5102BD10D930053BE3A /* nestymate-iosUITests */ = {
			isa = PBXNativeTarget;
			buildConfigurationList = 01A1B5212BD10D930053BE3A /* Build configuration list for PBXNativeTarget "nestymate-iosUITests" */;
			buildPhases = (
				01A1B50D2BD10D930053BE3A /* Sources */,
				01A1B50E2BD10D930053BE3A /* Frameworks */,
				01A1B50F2BD10D930053BE3A /* Resources */,
			);
			buildRules = (
			);
			dependencies = (
				01A1B5132BD10D930053BE3A /* PBXTargetDependency */,
			);
			name = "nestymate-iosUITests";
			productName = "nestymate-iosUITests";
			productReference = 01A1B5112BD10D930053BE3A /* nestymate-iosUITests.xctest */;
			productType = "com.apple.product-type.bundle.ui-testing";
		};
/* End PBXNativeTarget section */

/* Begin PBXProject section */
		01A1B4EF2BD10D8C0053BE3A /* Project object */ = {
			isa = PBXProject;
			attributes = {
				BuildIndependentTargetsInParallel = 1;
				LastSwiftUpdateCheck = 1520;
				LastUpgradeCheck = 1520;
				TargetAttributes = {
					01A1B4F62BD10D8D0053BE3A = {
						CreatedOnToolsVersion = 15.2;
					};
					01A1B5062BD10D930053BE3A = {
						CreatedOnToolsVersion = 15.2;
						TestTargetID = 01A1B4F62BD10D8D0053BE3A;
					};
					01A1B5102BD10D930053BE3A = {
						CreatedOnToolsVersion = 15.2;
						TestTargetID = 01A1B4F62BD10D8D0053BE3A;
					};
				};
			};
			buildConfigurationList = 01A1B4F22BD10D8C0053BE3A /* Build configuration list for PBXProject "nestymate-ios" */;
			compatibilityVersion = "Xcode 14.0";
			developmentRegion = en;
			hasScannedForEncodings = 0;
			knownRegions = (
				en,
				Base,
				el,
			);
			mainGroup = 01A1B4EE2BD10D8C0053BE3A;
			packageReferences = (
			);
			productRefGroup = 01A1B4F82BD10D8D0053BE3A /* Products */;
			projectDirPath = "";
			projectRoot = "";
			targets = (
				01A1B4F62BD10D8D0053BE3A /* nestymate-ios */,
				01A1B5062BD10D930053BE3A /* nestymate-iosTests */,
				01A1B5102BD10D930053BE3A /* nestymate-iosUITests */,
			);
		};
/* End PBXProject section */

/* Begin PBXResourcesBuildPhase section */
		01A1B4F52BD10D8D0053BE3A /* Resources */ = {
			isa = PBXResourcesBuildPhase;
			buildActionMask = 2147483647;
			files = (
				01A1B5022BD10D920053BE3A /* Preview Assets.xcassets in Resources */,
				01A1B4FF2BD10D920053BE3A /* Assets.xcassets in Resources */,
				0135047B2BD7DBE20000C859 /* Localizable.xcstrings in Resources */,
			);
			runOnlyForDeploymentPostprocessing = 0;
		};
		01A1B5052BD10D930053BE3A /* Resources */ = {
			isa = PBXResourcesBuildPhase;
			buildActionMask = 2147483647;
			files = (
			);
			runOnlyForDeploymentPostprocessing = 0;
		};
		01A1B50F2BD10D930053BE3A /* Resources */ = {
			isa = PBXResourcesBuildPhase;
			buildActionMask = 2147483647;
			files = (
			);
			runOnlyForDeploymentPostprocessing = 0;
		};
/* End PBXResourcesBuildPhase section */

/* Begin PBXShellScriptBuildPhase section */
		01B6DF9B2BD6A2CA00E2983E /* ShellScript */ = {
			isa = PBXShellScriptBuildPhase;
			alwaysOutOfDate = 1;
			buildActionMask = 2147483647;
			files = (
			);
			inputFileListPaths = (
			);
			inputPaths = (
			);
			outputFileListPaths = (
			);
			outputPaths = (
			);
			runOnlyForDeploymentPostprocessing = 0;
			shellPath = /bin/sh;
			shellScript = "export PATH=\"$PATH:/opt/homebrew/bin\"\nif which swiftlint > /dev/null; then\n  swiftlint\nelse\n  echo \"warning: SwiftLint not installed, download from https://github.com/realm/SwiftLint\"\nfi\n";
		};
/* End PBXShellScriptBuildPhase section */

/* Begin PBXSourcesBuildPhase section */
		01A1B4F32BD10D8D0053BE3A /* Sources */ = {
			isa = PBXSourcesBuildPhase;
			buildActionMask = 2147483647;
			files = (
				013504852BD900460000C859 /* PaddingManager.swift in Sources */,
				011165D82BD69D7700817935 /* Nestymate.swift in Sources */,
				0106B6072BE1859F0024AFCB /* ProfileView.swift in Sources */,
				013504872BD90FDB0000C859 /* LoginTextField.swift in Sources */,
				0106B61B2BE811B30024AFCB /* AppCoordinator.swift in Sources */,
				01B6DF9E2BD6A3D900E2983E /* ColorManager.swift in Sources */,
				0106B6052BE1851B0024AFCB /* MainScreenView.swift in Sources */,
				018A04752BD114660051A3A4 /* LoginView.swift in Sources */,
				0106B60F2BE18A5E0024AFCB /* LoginService.swift in Sources */,
				0106B6142BE191640024AFCB /* LoginViewModel.swift in Sources */,
				0106B6092BE185B40024AFCB /* ExpensesView.swift in Sources */,
				0106B61D2BE811E60024AFCB /* MainView.swift in Sources */,
				01B6DF992BD6A1D500E2983E /* FontManager.swift in Sources */,
				0106B6162BE191B50024AFCB /* LoginUseCase.swift in Sources */,
				0106B6192BE195F10024AFCB /* AuthenticationCoordinator.swift in Sources */,
				013504792BD7D9950000C859 /* ActionButton.swift in Sources */,
			);
			runOnlyForDeploymentPostprocessing = 0;
		};
		01A1B5032BD10D930053BE3A /* Sources */ = {
			isa = PBXSourcesBuildPhase;
			buildActionMask = 2147483647;
			files = (
				0135047D2BD8F95E0000C859 /* NestymateTests.swift in Sources */,
			);
			runOnlyForDeploymentPostprocessing = 0;
		};
		01A1B50D2BD10D930053BE3A /* Sources */ = {
			isa = PBXSourcesBuildPhase;
			buildActionMask = 2147483647;
			files = (
				013504832BD8FA730000C859 /* NestymateUITestsLaunchTests.swift in Sources */,
				013504822BD8FA6E0000C859 /* NestymateUITests.swift in Sources */,
			);
			runOnlyForDeploymentPostprocessing = 0;
		};
/* End PBXSourcesBuildPhase section */

/* Begin PBXTargetDependency section */
		01A1B5092BD10D930053BE3A /* PBXTargetDependency */ = {
			isa = PBXTargetDependency;
			target = 01A1B4F62BD10D8D0053BE3A /* nestymate-ios */;
			targetProxy = 01A1B5082BD10D930053BE3A /* PBXContainerItemProxy */;
		};
		01A1B5132BD10D930053BE3A /* PBXTargetDependency */ = {
			isa = PBXTargetDependency;
			target = 01A1B4F62BD10D8D0053BE3A /* nestymate-ios */;
			targetProxy = 01A1B5122BD10D930053BE3A /* PBXContainerItemProxy */;
		};
/* End PBXTargetDependency section */

/* Begin XCBuildConfiguration section */
		01A1B5192BD10D930053BE3A /* Debug */ = {
			isa = XCBuildConfiguration;
			buildSettings = {
				ALWAYS_SEARCH_USER_PATHS = NO;
				ASSETCATALOG_COMPILER_GENERATE_SWIFT_ASSET_SYMBOL_EXTENSIONS = YES;
				CLANG_ANALYZER_NONNULL = YES;
				CLANG_ANALYZER_NUMBER_OBJECT_CONVERSION = YES_AGGRESSIVE;
				CLANG_CXX_LANGUAGE_STANDARD = "gnu++20";
				CLANG_ENABLE_MODULES = YES;
				CLANG_ENABLE_OBJC_ARC = YES;
				CLANG_ENABLE_OBJC_WEAK = YES;
				CLANG_WARN_BLOCK_CAPTURE_AUTORELEASING = YES;
				CLANG_WARN_BOOL_CONVERSION = YES;
				CLANG_WARN_COMMA = YES;
				CLANG_WARN_CONSTANT_CONVERSION = YES;
				CLANG_WARN_DEPRECATED_OBJC_IMPLEMENTATIONS = YES;
				CLANG_WARN_DIRECT_OBJC_ISA_USAGE = YES_ERROR;
				CLANG_WARN_DOCUMENTATION_COMMENTS = YES;
				CLANG_WARN_EMPTY_BODY = YES;
				CLANG_WARN_ENUM_CONVERSION = YES;
				CLANG_WARN_INFINITE_RECURSION = YES;
				CLANG_WARN_INT_CONVERSION = YES;
				CLANG_WARN_NON_LITERAL_NULL_CONVERSION = YES;
				CLANG_WARN_OBJC_IMPLICIT_RETAIN_SELF = YES;
				CLANG_WARN_OBJC_LITERAL_CONVERSION = YES;
				CLANG_WARN_OBJC_ROOT_CLASS = YES_ERROR;
				CLANG_WARN_QUOTED_INCLUDE_IN_FRAMEWORK_HEADER = YES;
				CLANG_WARN_RANGE_LOOP_ANALYSIS = YES;
				CLANG_WARN_STRICT_PROTOTYPES = YES;
				CLANG_WARN_SUSPICIOUS_MOVE = YES;
				CLANG_WARN_UNGUARDED_AVAILABILITY = YES_AGGRESSIVE;
				CLANG_WARN_UNREACHABLE_CODE = YES;
				CLANG_WARN__DUPLICATE_METHOD_MATCH = YES;
				COPY_PHASE_STRIP = NO;
				DEBUG_INFORMATION_FORMAT = dwarf;
				ENABLE_STRICT_OBJC_MSGSEND = YES;
				ENABLE_TESTABILITY = YES;
				ENABLE_USER_SCRIPT_SANDBOXING = YES;
				GCC_C_LANGUAGE_STANDARD = gnu17;
				GCC_DYNAMIC_NO_PIC = NO;
				GCC_NO_COMMON_BLOCKS = YES;
				GCC_OPTIMIZATION_LEVEL = 0;
				GCC_PREPROCESSOR_DEFINITIONS = (
					"DEBUG=1",
					"$(inherited)",
				);
				GCC_WARN_64_TO_32_BIT_CONVERSION = YES;
				GCC_WARN_ABOUT_RETURN_TYPE = YES_ERROR;
				GCC_WARN_UNDECLARED_SELECTOR = YES;
				GCC_WARN_UNINITIALIZED_AUTOS = YES_AGGRESSIVE;
				GCC_WARN_UNUSED_FUNCTION = YES;
				GCC_WARN_UNUSED_VARIABLE = YES;
				IPHONEOS_DEPLOYMENT_TARGET = 17.2;
				LOCALIZATION_PREFERS_STRING_CATALOGS = YES;
				MTL_ENABLE_DEBUG_INFO = INCLUDE_SOURCE;
				MTL_FAST_MATH = YES;
				ONLY_ACTIVE_ARCH = YES;
				SDKROOT = iphoneos;
				SWIFT_ACTIVE_COMPILATION_CONDITIONS = "DEBUG $(inherited)";
				SWIFT_OPTIMIZATION_LEVEL = "-Onone";
			};
			name = Debug;
		};
		01A1B51A2BD10D930053BE3A /* Release */ = {
			isa = XCBuildConfiguration;
			buildSettings = {
				ALWAYS_SEARCH_USER_PATHS = NO;
				ASSETCATALOG_COMPILER_GENERATE_SWIFT_ASSET_SYMBOL_EXTENSIONS = YES;
				CLANG_ANALYZER_NONNULL = YES;
				CLANG_ANALYZER_NUMBER_OBJECT_CONVERSION = YES_AGGRESSIVE;
				CLANG_CXX_LANGUAGE_STANDARD = "gnu++20";
				CLANG_ENABLE_MODULES = YES;
				CLANG_ENABLE_OBJC_ARC = YES;
				CLANG_ENABLE_OBJC_WEAK = YES;
				CLANG_WARN_BLOCK_CAPTURE_AUTORELEASING = YES;
				CLANG_WARN_BOOL_CONVERSION = YES;
				CLANG_WARN_COMMA = YES;
				CLANG_WARN_CONSTANT_CONVERSION = YES;
				CLANG_WARN_DEPRECATED_OBJC_IMPLEMENTATIONS = YES;
				CLANG_WARN_DIRECT_OBJC_ISA_USAGE = YES_ERROR;
				CLANG_WARN_DOCUMENTATION_COMMENTS = YES;
				CLANG_WARN_EMPTY_BODY = YES;
				CLANG_WARN_ENUM_CONVERSION = YES;
				CLANG_WARN_INFINITE_RECURSION = YES;
				CLANG_WARN_INT_CONVERSION = YES;
				CLANG_WARN_NON_LITERAL_NULL_CONVERSION = YES;
				CLANG_WARN_OBJC_IMPLICIT_RETAIN_SELF = YES;
				CLANG_WARN_OBJC_LITERAL_CONVERSION = YES;
				CLANG_WARN_OBJC_ROOT_CLASS = YES_ERROR;
				CLANG_WARN_QUOTED_INCLUDE_IN_FRAMEWORK_HEADER = YES;
				CLANG_WARN_RANGE_LOOP_ANALYSIS = YES;
				CLANG_WARN_STRICT_PROTOTYPES = YES;
				CLANG_WARN_SUSPICIOUS_MOVE = YES;
				CLANG_WARN_UNGUARDED_AVAILABILITY = YES_AGGRESSIVE;
				CLANG_WARN_UNREACHABLE_CODE = YES;
				CLANG_WARN__DUPLICATE_METHOD_MATCH = YES;
				COPY_PHASE_STRIP = NO;
				DEBUG_INFORMATION_FORMAT = "dwarf-with-dsym";
				ENABLE_NS_ASSERTIONS = NO;
				ENABLE_STRICT_OBJC_MSGSEND = YES;
				ENABLE_USER_SCRIPT_SANDBOXING = YES;
				GCC_C_LANGUAGE_STANDARD = gnu17;
				GCC_NO_COMMON_BLOCKS = YES;
				GCC_WARN_64_TO_32_BIT_CONVERSION = YES;
				GCC_WARN_ABOUT_RETURN_TYPE = YES_ERROR;
				GCC_WARN_UNDECLARED_SELECTOR = YES;
				GCC_WARN_UNINITIALIZED_AUTOS = YES_AGGRESSIVE;
				GCC_WARN_UNUSED_FUNCTION = YES;
				GCC_WARN_UNUSED_VARIABLE = YES;
				IPHONEOS_DEPLOYMENT_TARGET = 17.2;
				LOCALIZATION_PREFERS_STRING_CATALOGS = YES;
				MTL_ENABLE_DEBUG_INFO = NO;
				MTL_FAST_MATH = YES;
				SDKROOT = iphoneos;
				SWIFT_COMPILATION_MODE = wholemodule;
				VALIDATE_PRODUCT = YES;
			};
			name = Release;
		};
		01A1B51C2BD10D930053BE3A /* Debug */ = {
			isa = XCBuildConfiguration;
			buildSettings = {
				ASSETCATALOG_COMPILER_APPICON_NAME = AppIcon;
				ASSETCATALOG_COMPILER_GLOBAL_ACCENT_COLOR_NAME = AccentColor;
				CODE_SIGN_STYLE = Automatic;
				CURRENT_PROJECT_VERSION = 1;
				DEVELOPMENT_ASSET_PATHS = "\"nestymate-ios/Preview Content\"";
				DEVELOPMENT_TEAM = 4L623JD48M;
				ENABLE_PREVIEWS = YES;
				ENABLE_USER_SCRIPT_SANDBOXING = NO;
				GENERATE_INFOPLIST_FILE = YES;
				INFOPLIST_KEY_CFBundleDisplayName = Nestymate;
				INFOPLIST_KEY_LSApplicationCategoryType = "public.app-category.utilities";
				INFOPLIST_KEY_UIApplicationSceneManifest_Generation = YES;
				INFOPLIST_KEY_UIApplicationSupportsIndirectInputEvents = YES;
				INFOPLIST_KEY_UILaunchScreen_Generation = YES;
				INFOPLIST_KEY_UISupportedInterfaceOrientations_iPad = "UIInterfaceOrientationPortrait UIInterfaceOrientationPortraitUpsideDown UIInterfaceOrientationLandscapeLeft UIInterfaceOrientationLandscapeRight";
				INFOPLIST_KEY_UISupportedInterfaceOrientations_iPhone = "UIInterfaceOrientationPortrait UIInterfaceOrientationLandscapeLeft UIInterfaceOrientationLandscapeRight";
				LD_RUNPATH_SEARCH_PATHS = (
					"$(inherited)",
					"@executable_path/Frameworks",
				);
				MARKETING_VERSION = 1.0;
				PRODUCT_BUNDLE_IDENTIFIER = "gr.selini.nestymate-ios";
				PRODUCT_NAME = "$(TARGET_NAME)";
				SWIFT_EMIT_LOC_STRINGS = YES;
				SWIFT_VERSION = 5.0;
				TARGETED_DEVICE_FAMILY = "1,2";
			};
			name = Debug;
		};
		01A1B51D2BD10D930053BE3A /* Release */ = {
			isa = XCBuildConfiguration;
			buildSettings = {
				ASSETCATALOG_COMPILER_APPICON_NAME = AppIcon;
				ASSETCATALOG_COMPILER_GLOBAL_ACCENT_COLOR_NAME = AccentColor;
				CODE_SIGN_STYLE = Automatic;
				CURRENT_PROJECT_VERSION = 1;
				DEVELOPMENT_ASSET_PATHS = "\"nestymate-ios/Preview Content\"";
				DEVELOPMENT_TEAM = 4L623JD48M;
				ENABLE_PREVIEWS = YES;
				ENABLE_USER_SCRIPT_SANDBOXING = NO;
				GENERATE_INFOPLIST_FILE = YES;
				INFOPLIST_KEY_CFBundleDisplayName = Nestymate;
				INFOPLIST_KEY_LSApplicationCategoryType = "public.app-category.utilities";
				INFOPLIST_KEY_UIApplicationSceneManifest_Generation = YES;
				INFOPLIST_KEY_UIApplicationSupportsIndirectInputEvents = YES;
				INFOPLIST_KEY_UILaunchScreen_Generation = YES;
				INFOPLIST_KEY_UISupportedInterfaceOrientations_iPad = "UIInterfaceOrientationPortrait UIInterfaceOrientationPortraitUpsideDown UIInterfaceOrientationLandscapeLeft UIInterfaceOrientationLandscapeRight";
				INFOPLIST_KEY_UISupportedInterfaceOrientations_iPhone = "UIInterfaceOrientationPortrait UIInterfaceOrientationLandscapeLeft UIInterfaceOrientationLandscapeRight";
				LD_RUNPATH_SEARCH_PATHS = (
					"$(inherited)",
					"@executable_path/Frameworks",
				);
				MARKETING_VERSION = 1.0;
				PRODUCT_BUNDLE_IDENTIFIER = "gr.selini.nestymate-ios";
				PRODUCT_NAME = "$(TARGET_NAME)";
				SWIFT_EMIT_LOC_STRINGS = YES;
				SWIFT_VERSION = 5.0;
				TARGETED_DEVICE_FAMILY = "1,2";
			};
			name = Release;
		};
		01A1B51F2BD10D930053BE3A /* Debug */ = {
			isa = XCBuildConfiguration;
			buildSettings = {
				ALWAYS_EMBED_SWIFT_STANDARD_LIBRARIES = YES;
				BUNDLE_LOADER = "$(TEST_HOST)";
				CODE_SIGN_STYLE = Automatic;
				CURRENT_PROJECT_VERSION = 1;
				DEVELOPMENT_TEAM = 4L623JD48M;
				GENERATE_INFOPLIST_FILE = YES;
				IPHONEOS_DEPLOYMENT_TARGET = 17.2;
				MARKETING_VERSION = 1.0;
				PRODUCT_BUNDLE_IDENTIFIER = "gr.selini.nestymate-iosTests";
				PRODUCT_NAME = "$(TARGET_NAME)";
				SWIFT_EMIT_LOC_STRINGS = NO;
				SWIFT_VERSION = 5.0;
				TARGETED_DEVICE_FAMILY = "1,2";
				TEST_HOST = "$(BUILT_PRODUCTS_DIR)/nestymate-ios.app/$(BUNDLE_EXECUTABLE_FOLDER_PATH)/nestymate-ios";
			};
			name = Debug;
		};
		01A1B5202BD10D930053BE3A /* Release */ = {
			isa = XCBuildConfiguration;
			buildSettings = {
				ALWAYS_EMBED_SWIFT_STANDARD_LIBRARIES = YES;
				BUNDLE_LOADER = "$(TEST_HOST)";
				CODE_SIGN_STYLE = Automatic;
				CURRENT_PROJECT_VERSION = 1;
				DEVELOPMENT_TEAM = 4L623JD48M;
				GENERATE_INFOPLIST_FILE = YES;
				IPHONEOS_DEPLOYMENT_TARGET = 17.2;
				MARKETING_VERSION = 1.0;
				PRODUCT_BUNDLE_IDENTIFIER = "gr.selini.nestymate-iosTests";
				PRODUCT_NAME = "$(TARGET_NAME)";
				SWIFT_EMIT_LOC_STRINGS = NO;
				SWIFT_VERSION = 5.0;
				TARGETED_DEVICE_FAMILY = "1,2";
				TEST_HOST = "$(BUILT_PRODUCTS_DIR)/nestymate-ios.app/$(BUNDLE_EXECUTABLE_FOLDER_PATH)/nestymate-ios";
			};
			name = Release;
		};
		01A1B5222BD10D930053BE3A /* Debug */ = {
			isa = XCBuildConfiguration;
			buildSettings = {
				ALWAYS_EMBED_SWIFT_STANDARD_LIBRARIES = YES;
				CODE_SIGN_STYLE = Automatic;
				CURRENT_PROJECT_VERSION = 1;
				DEVELOPMENT_TEAM = 4L623JD48M;
				GENERATE_INFOPLIST_FILE = YES;
				MARKETING_VERSION = 1.0;
				PRODUCT_BUNDLE_IDENTIFIER = "gr.selini.nestymate-iosUITests";
				PRODUCT_NAME = "$(TARGET_NAME)";
				SWIFT_EMIT_LOC_STRINGS = NO;
				SWIFT_VERSION = 5.0;
				TARGETED_DEVICE_FAMILY = "1,2";
				TEST_TARGET_NAME = "nestymate-ios";
			};
			name = Debug;
		};
		01A1B5232BD10D930053BE3A /* Release */ = {
			isa = XCBuildConfiguration;
			buildSettings = {
				ALWAYS_EMBED_SWIFT_STANDARD_LIBRARIES = YES;
				CODE_SIGN_STYLE = Automatic;
				CURRENT_PROJECT_VERSION = 1;
				DEVELOPMENT_TEAM = 4L623JD48M;
				GENERATE_INFOPLIST_FILE = YES;
				MARKETING_VERSION = 1.0;
				PRODUCT_BUNDLE_IDENTIFIER = "gr.selini.nestymate-iosUITests";
				PRODUCT_NAME = "$(TARGET_NAME)";
				SWIFT_EMIT_LOC_STRINGS = NO;
				SWIFT_VERSION = 5.0;
				TARGETED_DEVICE_FAMILY = "1,2";
				TEST_TARGET_NAME = "nestymate-ios";
			};
			name = Release;
		};
/* End XCBuildConfiguration section */

/* Begin XCConfigurationList section */
		01A1B4F22BD10D8C0053BE3A /* Build configuration list for PBXProject "nestymate-ios" */ = {
			isa = XCConfigurationList;
			buildConfigurations = (
				01A1B5192BD10D930053BE3A /* Debug */,
				01A1B51A2BD10D930053BE3A /* Release */,
			);
			defaultConfigurationIsVisible = 0;
			defaultConfigurationName = Release;
		};
		01A1B51B2BD10D930053BE3A /* Build configuration list for PBXNativeTarget "nestymate-ios" */ = {
			isa = XCConfigurationList;
			buildConfigurations = (
				01A1B51C2BD10D930053BE3A /* Debug */,
				01A1B51D2BD10D930053BE3A /* Release */,
			);
			defaultConfigurationIsVisible = 0;
			defaultConfigurationName = Release;
		};
		01A1B51E2BD10D930053BE3A /* Build configuration list for PBXNativeTarget "nestymate-iosTests" */ = {
			isa = XCConfigurationList;
			buildConfigurations = (
				01A1B51F2BD10D930053BE3A /* Debug */,
				01A1B5202BD10D930053BE3A /* Release */,
			);
			defaultConfigurationIsVisible = 0;
			defaultConfigurationName = Release;
		};
		01A1B5212BD10D930053BE3A /* Build configuration list for PBXNativeTarget "nestymate-iosUITests" */ = {
			isa = XCConfigurationList;
			buildConfigurations = (
				01A1B5222BD10D930053BE3A /* Debug */,
				01A1B5232BD10D930053BE3A /* Release */,
			);
			defaultConfigurationIsVisible = 0;
			defaultConfigurationName = Release;
		};
/* End XCConfigurationList section */
	};
	rootObject = 01A1B4EF2BD10D8C0053BE3A /* Project object */;
}
