// !$*UTF8*$!
{
	archiveVersion = 1;
	classes = {
	};
	objectVersion = 56;
	objects = {

/* Begin PBXBuildFile section */
		0106B6052BE1851B0024AFCB /* MainScreenView.swift in Sources */ = {isa = PBXBuildFile; fileRef = 0106B6042BE1851B0024AFCB /* MainScreenView.swift */; };
		0106B6072BE1859F0024AFCB /* ProfileView.swift in Sources */ = {isa = PBXBuildFile; fileRef = 0106B6062BE1859F0024AFCB /* ProfileView.swift */; };
		0106B6092BE185B40024AFCB /* ExpensesView.swift in Sources */ = {isa = PBXBuildFile; fileRef = 0106B6082BE185B40024AFCB /* ExpensesView.swift */; };
		0106B60F2BE18A5E0024AFCB /* LoginService.swift in Sources */ = {isa = PBXBuildFile; fileRef = 0106B60E2BE18A5E0024AFCB /* LoginService.swift */; };
		0106B6142BE191640024AFCB /* LoginViewModel.swift in Sources */ = {isa = PBXBuildFile; fileRef = 0106B6132BE191640024AFCB /* LoginViewModel.swift */; };
		0106B6162BE191B50024AFCB /* LoginUseCase.swift in Sources */ = {isa = PBXBuildFile; fileRef = 0106B6152BE191B50024AFCB /* LoginUseCase.swift */; };
		0106B6192BE195F10024AFCB /* MainCoordinator.swift in Sources */ = {isa = PBXBuildFile; fileRef = 0106B6182BE195F10024AFCB /* MainCoordinator.swift */; };
		0106B61B2BE811B30024AFCB /* AppCoordinator.swift in Sources */ = {isa = PBXBuildFile; fileRef = 0106B61A2BE811B30024AFCB /* AppCoordinator.swift */; };
		0106B61D2BE811E60024AFCB /* MainView.swift in Sources */ = {isa = PBXBuildFile; fileRef = 0106B61C2BE811E60024AFCB /* MainView.swift */; };
		0106B6202BFA5CC30024AFCB /* CreateOrEditHomeView.swift in Sources */ = {isa = PBXBuildFile; fileRef = 0106B61F2BFA5CC30024AFCB /* CreateOrEditHomeView.swift */; };
		0106B6222BFA5D910024AFCB /* CreateOrEditHomeViewModel.swift in Sources */ = {isa = PBXBuildFile; fileRef = 0106B6212BFA5D910024AFCB /* CreateOrEditHomeViewModel.swift */; };
		0106B6262BFA5E530024AFCB /* HomeService.swift in Sources */ = {isa = PBXBuildFile; fileRef = 0106B6252BFA5E530024AFCB /* HomeService.swift */; };
		0106B6282BFA5E920024AFCB /* Login.swift in Sources */ = {isa = PBXBuildFile; fileRef = 0106B6272BFA5E920024AFCB /* Login.swift */; };
		0106B62A2BFA610B0024AFCB /* KeychainHelper.swift in Sources */ = {isa = PBXBuildFile; fileRef = 0106B6292BFA610B0024AFCB /* KeychainHelper.swift */; };
		0106B62C2BFA746C0024AFCB /* Home.swift in Sources */ = {isa = PBXBuildFile; fileRef = 0106B62B2BFA746C0024AFCB /* Home.swift */; };
		0106B62E2BFA78B50024AFCB /* MainScreenViewModel.swift in Sources */ = {isa = PBXBuildFile; fileRef = 0106B62D2BFA78B50024AFCB /* MainScreenViewModel.swift */; };
		0106B6302BFA79450024AFCB /* MainScreenUseCase.swift in Sources */ = {isa = PBXBuildFile; fileRef = 0106B62F2BFA79450024AFCB /* MainScreenUseCase.swift */; };
		011165D82BD69D7700817935 /* Nestymate.swift in Sources */ = {isa = PBXBuildFile; fileRef = 011165D72BD69D7700817935 /* Nestymate.swift */; };
		012815912C413539001FFA2D /* FieldModel.swift in Sources */ = {isa = PBXBuildFile; fileRef = 012815902C413539001FFA2D /* FieldModel.swift */; };
		012815932C4135A2001FFA2D /* FieldType.swift in Sources */ = {isa = PBXBuildFile; fileRef = 012815922C4135A2001FFA2D /* FieldType.swift */; };
		012815952C4830B8001FFA2D /* APICalls.swift in Sources */ = {isa = PBXBuildFile; fileRef = 012815942C4830B8001FFA2D /* APICalls.swift */; };
		012815992C484128001FFA2D /* Error.swift in Sources */ = {isa = PBXBuildFile; fileRef = 012815982C484128001FFA2D /* Error.swift */; };
		0128159B2C485470001FFA2D /* Reachability.swift in Sources */ = {isa = PBXBuildFile; fileRef = 0128159A2C485470001FFA2D /* Reachability.swift */; };
		0128159D2C485607001FFA2D /* APIResponse.swift in Sources */ = {isa = PBXBuildFile; fileRef = 0128159C2C485607001FFA2D /* APIResponse.swift */; };
		0128159F2C4AE380001FFA2D /* User.swift in Sources */ = {isa = PBXBuildFile; fileRef = 0128159E2C4AE37F001FFA2D /* User.swift */; };
		012815A32C4AE753001FFA2D /* SelectionPickerView.swift in Sources */ = {isa = PBXBuildFile; fileRef = 012815A22C4AE753001FFA2D /* SelectionPickerView.swift */; };
		012815A52C4C605E001FFA2D /* DatePickerUIView.swift in Sources */ = {isa = PBXBuildFile; fileRef = 012815A42C4C605E001FFA2D /* DatePickerUIView.swift */; };
		012815A72C4D98B3001FFA2D /* UtilMethods.swift in Sources */ = {isa = PBXBuildFile; fileRef = 012815A62C4D98B3001FFA2D /* UtilMethods.swift */; };
		013504792BD7D9950000C859 /* ActionButton.swift in Sources */ = {isa = PBXBuildFile; fileRef = 013504782BD7D9950000C859 /* ActionButton.swift */; };
		0135047B2BD7DBE20000C859 /* Localizable.xcstrings in Resources */ = {isa = PBXBuildFile; fileRef = 0135047A2BD7DBE20000C859 /* Localizable.xcstrings */; };
		0135047D2BD8F95E0000C859 /* NestymateTests.swift in Sources */ = {isa = PBXBuildFile; fileRef = 0135047C2BD8F95E0000C859 /* NestymateTests.swift */; };
		013504822BD8FA6E0000C859 /* NestymateUITests.swift in Sources */ = {isa = PBXBuildFile; fileRef = 0135047E2BD8F96B0000C859 /* NestymateUITests.swift */; };
		013504832BD8FA730000C859 /* NestymateUITestsLaunchTests.swift in Sources */ = {isa = PBXBuildFile; fileRef = 0135047F2BD8F96B0000C859 /* NestymateUITestsLaunchTests.swift */; };
		013504852BD900460000C859 /* PaddingManager.swift in Sources */ = {isa = PBXBuildFile; fileRef = 013504842BD900460000C859 /* PaddingManager.swift */; };
		013504872BD90FDB0000C859 /* SingleTextField.swift in Sources */ = {isa = PBXBuildFile; fileRef = 013504862BD90FDB0000C859 /* SingleTextField.swift */; };
		0153EB4C2C9740B50033D970 /* InviteUserView.swift in Sources */ = {isa = PBXBuildFile; fileRef = 0153EB4B2C9740B40033D970 /* InviteUserView.swift */; };
		0153EB4E2C9740C00033D970 /* InviteUserViewModel.swift in Sources */ = {isa = PBXBuildFile; fileRef = 0153EB4D2C9740C00033D970 /* InviteUserViewModel.swift */; };
		0153EB502C98BB330033D970 /* LogoutService.swift in Sources */ = {isa = PBXBuildFile; fileRef = 0153EB4F2C98BB330033D970 /* LogoutService.swift */; };
		018A04752BD114660051A3A4 /* LoginView.swift in Sources */ = {isa = PBXBuildFile; fileRef = 018A04742BD114660051A3A4 /* LoginView.swift */; };
		01A1B4FF2BD10D920053BE3A /* Assets.xcassets in Resources */ = {isa = PBXBuildFile; fileRef = 01A1B4FE2BD10D920053BE3A /* Assets.xcassets */; };
		01A1B5022BD10D920053BE3A /* Preview Assets.xcassets in Resources */ = {isa = PBXBuildFile; fileRef = 01A1B5012BD10D920053BE3A /* Preview Assets.xcassets */; };
		01A6061D2C3EBFAD00B7622E /* ProfileViewModel.swift in Sources */ = {isa = PBXBuildFile; fileRef = 01A6061C2C3EBFAD00B7622E /* ProfileViewModel.swift */; };
		01A6061F2C3EC01400B7622E /* ProfileUseCase.swift in Sources */ = {isa = PBXBuildFile; fileRef = 01A6061E2C3EC01400B7622E /* ProfileUseCase.swift */; };
		01A606212C3EC86200B7622E /* HomeScreenCoordinator.swift in Sources */ = {isa = PBXBuildFile; fileRef = 01A606202C3EC86200B7622E /* HomeScreenCoordinator.swift */; };
		01A606232C3F207500B7622E /* ActivityIndicatorIView.swift in Sources */ = {isa = PBXBuildFile; fileRef = 01A606222C3F207500B7622E /* ActivityIndicatorIView.swift */; };
		01A606252C3F259300B7622E /* View+Extenstion.swift in Sources */ = {isa = PBXBuildFile; fileRef = 01A606242C3F259300B7622E /* View+Extenstion.swift */; };
		01A606272C3FC41E00B7622E /* SignUpView.swift in Sources */ = {isa = PBXBuildFile; fileRef = 01A606262C3FC41E00B7622E /* SignUpView.swift */; };
		01A606292C3FC5ED00B7622E /* SignUpViewModel.swift in Sources */ = {isa = PBXBuildFile; fileRef = 01A606282C3FC5ED00B7622E /* SignUpViewModel.swift */; };
		01A6062B2C3FC62D00B7622E /* SignUpUseCase.swift in Sources */ = {isa = PBXBuildFile; fileRef = 01A6062A2C3FC62D00B7622E /* SignUpUseCase.swift */; };
		01A6062D2C3FCB9E00B7622E /* PasswordTextField.swift in Sources */ = {isa = PBXBuildFile; fileRef = 01A6062C2C3FCB9E00B7622E /* PasswordTextField.swift */; };
		01A606332C4017A900B7622E /* String+Extension.swift in Sources */ = {isa = PBXBuildFile; fileRef = 01A606322C4017A900B7622E /* String+Extension.swift */; };
		01B6DF992BD6A1D500E2983E /* FontManager.swift in Sources */ = {isa = PBXBuildFile; fileRef = 01B6DF982BD6A1D500E2983E /* FontManager.swift */; };
		01B6DF9E2BD6A3D900E2983E /* ColorManager.swift in Sources */ = {isa = PBXBuildFile; fileRef = 01B6DF9D2BD6A3D900E2983E /* ColorManager.swift */; };
		01C8AC512CEE6D5E00D74BF8 /* .swiftlint.yml in Resources */ = {isa = PBXBuildFile; fileRef = 01C8AC502CEE6D5E00D74BF8 /* .swiftlint.yml */; };
		01C8AC552CEFE48100D74BF8 /* LoginServiceMock.swift in Sources */ = {isa = PBXBuildFile; fileRef = 01C8AC532CEFE37E00D74BF8 /* LoginServiceMock.swift */; };
		01C8AC572CEFE4FF00D74BF8 /* HomeServiceMock.swift in Sources */ = {isa = PBXBuildFile; fileRef = 01C8AC562CEFE4F400D74BF8 /* HomeServiceMock.swift */; };
		01D488122C95DC910024A7F2 /* Expense.swift in Sources */ = {isa = PBXBuildFile; fileRef = 01D488112C95DC910024A7F2 /* Expense.swift */; };
		01D488142C95DCCC0024A7F2 /* ExpensesViewModel.swift in Sources */ = {isa = PBXBuildFile; fileRef = 01D488132C95DCCC0024A7F2 /* ExpensesViewModel.swift */; };
		01D488182C95F5840024A7F2 /* HomeUseCase.swift in Sources */ = {isa = PBXBuildFile; fileRef = 01D488172C95F5840024A7F2 /* HomeUseCase.swift */; };
		01D488292C96E8920024A7F2 /* MainViewModel.swift in Sources */ = {isa = PBXBuildFile; fileRef = 01D488282C96E8920024A7F2 /* MainViewModel.swift */; };
		01D4882B2C96F13D0024A7F2 /* CategoriesViewModel.swift in Sources */ = {isa = PBXBuildFile; fileRef = 01D4882A2C96F13D0024A7F2 /* CategoriesViewModel.swift */; };
		01D4882D2C96F1B70024A7F2 /* Category.swift in Sources */ = {isa = PBXBuildFile; fileRef = 01D4882C2C96F1B70024A7F2 /* Category.swift */; };
		01D4882F2C96F21D0024A7F2 /* CategoryUseCase.swift in Sources */ = {isa = PBXBuildFile; fileRef = 01D4882E2C96F21D0024A7F2 /* CategoryUseCase.swift */; };
		01D488322C96F7ED0024A7F2 /* CreateOrEditCategoryViewModel.swift in Sources */ = {isa = PBXBuildFile; fileRef = 01D488312C96F7ED0024A7F2 /* CreateOrEditCategoryViewModel.swift */; };
		01D488342C96F7FE0024A7F2 /* CreateOrEditCategoryView.swift in Sources */ = {isa = PBXBuildFile; fileRef = 01D488332C96F7FE0024A7F2 /* CreateOrEditCategoryView.swift */; };
		01D488362C9718460024A7F2 /* ExpenseUseCase.swift in Sources */ = {isa = PBXBuildFile; fileRef = 01D488352C9718460024A7F2 /* ExpenseUseCase.swift */; };
		01D488382C9718DC0024A7F2 /* ExpenseService.swift in Sources */ = {isa = PBXBuildFile; fileRef = 01D488372C9718DC0024A7F2 /* ExpenseService.swift */; };
		01D4883B2C9721B00024A7F2 /* CreateOrEditExpenseViewModel.swift in Sources */ = {isa = PBXBuildFile; fileRef = 01D4883A2C9721B00024A7F2 /* CreateOrEditExpenseViewModel.swift */; };
		01D4883F2C9736700024A7F2 /* CreateOrEditExpenseView.swift in Sources */ = {isa = PBXBuildFile; fileRef = 01D4883E2C9736700024A7F2 /* CreateOrEditExpenseView.swift */; };
		01D7922C2C8D985D00EDA9D2 /* MyHomeView.swift in Sources */ = {isa = PBXBuildFile; fileRef = 01D7922B2C8D985D00EDA9D2 /* MyHomeView.swift */; };
		01D7922E2C8D9AFD00EDA9D2 /* ExpensesCoordinator.swift in Sources */ = {isa = PBXBuildFile; fileRef = 01D7922D2C8D9AFD00EDA9D2 /* ExpensesCoordinator.swift */; };
		01D792302C8D9F5300EDA9D2 /* MyHomeViewModel.swift in Sources */ = {isa = PBXBuildFile; fileRef = 01D7922F2C8D9F5200EDA9D2 /* MyHomeViewModel.swift */; };
		01D792342C8DA52D00EDA9D2 /* CategoriesView.swift in Sources */ = {isa = PBXBuildFile; fileRef = 01D792332C8DA52D00EDA9D2 /* CategoriesView.swift */; };
		01D9A75E2CA872290081A181 /* DateUtils.swift in Sources */ = {isa = PBXBuildFile; fileRef = 01D9A75D2CA872270081A181 /* DateUtils.swift */; };
		01D9A7602CB5C2E70081A181 /* HomeUserDefaults.swift in Sources */ = {isa = PBXBuildFile; fileRef = 01D9A75F2CB5C2D60081A181 /* HomeUserDefaults.swift */; };
		01D9A7622CBA92150081A181 /* CategoryService.swift in Sources */ = {isa = PBXBuildFile; fileRef = 01D9A7612CBA920C0081A181 /* CategoryService.swift */; };
/* End PBXBuildFile section */

/* Begin PBXContainerItemProxy section */
		01A1B5082BD10D930053BE3A /* PBXContainerItemProxy */ = {
			isa = PBXContainerItemProxy;
			containerPortal = 01A1B4EF2BD10D8C0053BE3A /* Project object */;
			proxyType = 1;
			remoteGlobalIDString = 01A1B4F62BD10D8D0053BE3A;
			remoteInfo = "nestymate-ios";
		};
		01A1B5122BD10D930053BE3A /* PBXContainerItemProxy */ = {
			isa = PBXContainerItemProxy;
			containerPortal = 01A1B4EF2BD10D8C0053BE3A /* Project object */;
			proxyType = 1;
			remoteGlobalIDString = 01A1B4F62BD10D8D0053BE3A;
			remoteInfo = "nestymate-ios";
		};
/* End PBXContainerItemProxy section */

/* Begin PBXFileReference section */
		0106B6042BE1851B0024AFCB /* MainScreenView.swift */ = {isa = PBXFileReference; lastKnownFileType = sourcecode.swift; path = MainScreenView.swift; sourceTree = "<group>"; };
		0106B6062BE1859F0024AFCB /* ProfileView.swift */ = {isa = PBXFileReference; lastKnownFileType = sourcecode.swift; path = ProfileView.swift; sourceTree = "<group>"; };
		0106B6082BE185B40024AFCB /* ExpensesView.swift */ = {isa = PBXFileReference; lastKnownFileType = sourcecode.swift; path = ExpensesView.swift; sourceTree = "<group>"; };
		0106B60E2BE18A5E0024AFCB /* LoginService.swift */ = {isa = PBXFileReference; lastKnownFileType = sourcecode.swift; path = LoginService.swift; sourceTree = "<group>"; };
		0106B6132BE191640024AFCB /* LoginViewModel.swift */ = {isa = PBXFileReference; lastKnownFileType = sourcecode.swift; path = LoginViewModel.swift; sourceTree = "<group>"; };
		0106B6152BE191B50024AFCB /* LoginUseCase.swift */ = {isa = PBXFileReference; lastKnownFileType = sourcecode.swift; path = LoginUseCase.swift; sourceTree = "<group>"; };
		0106B6182BE195F10024AFCB /* MainCoordinator.swift */ = {isa = PBXFileReference; lastKnownFileType = sourcecode.swift; path = MainCoordinator.swift; sourceTree = "<group>"; };
		0106B61A2BE811B30024AFCB /* AppCoordinator.swift */ = {isa = PBXFileReference; lastKnownFileType = sourcecode.swift; path = AppCoordinator.swift; sourceTree = "<group>"; };
		0106B61C2BE811E60024AFCB /* MainView.swift */ = {isa = PBXFileReference; lastKnownFileType = sourcecode.swift; path = MainView.swift; sourceTree = "<group>"; };
		0106B61E2BFA5BA20024AFCB /* Info.plist */ = {isa = PBXFileReference; lastKnownFileType = text.plist.xml; path = Info.plist; sourceTree = "<group>"; };
		0106B61F2BFA5CC30024AFCB /* CreateOrEditHomeView.swift */ = {isa = PBXFileReference; lastKnownFileType = sourcecode.swift; path = CreateOrEditHomeView.swift; sourceTree = "<group>"; };
		0106B6212BFA5D910024AFCB /* CreateOrEditHomeViewModel.swift */ = {isa = PBXFileReference; lastKnownFileType = sourcecode.swift; path = CreateOrEditHomeViewModel.swift; sourceTree = "<group>"; };
		0106B6252BFA5E530024AFCB /* HomeService.swift */ = {isa = PBXFileReference; lastKnownFileType = sourcecode.swift; path = HomeService.swift; sourceTree = "<group>"; };
		0106B6272BFA5E920024AFCB /* Login.swift */ = {isa = PBXFileReference; lastKnownFileType = sourcecode.swift; path = Login.swift; sourceTree = "<group>"; };
		0106B6292BFA610B0024AFCB /* KeychainHelper.swift */ = {isa = PBXFileReference; lastKnownFileType = sourcecode.swift; path = KeychainHelper.swift; sourceTree = "<group>"; };
		0106B62B2BFA746C0024AFCB /* Home.swift */ = {isa = PBXFileReference; lastKnownFileType = sourcecode.swift; path = Home.swift; sourceTree = "<group>"; };
		0106B62D2BFA78B50024AFCB /* MainScreenViewModel.swift */ = {isa = PBXFileReference; lastKnownFileType = sourcecode.swift; path = MainScreenViewModel.swift; sourceTree = "<group>"; };
		0106B62F2BFA79450024AFCB /* MainScreenUseCase.swift */ = {isa = PBXFileReference; lastKnownFileType = sourcecode.swift; path = MainScreenUseCase.swift; sourceTree = "<group>"; };
		011165D72BD69D7700817935 /* Nestymate.swift */ = {isa = PBXFileReference; fileEncoding = 4; lastKnownFileType = sourcecode.swift; name = Nestymate.swift; path = "nestymate-ios/Nestymate.swift"; sourceTree = SOURCE_ROOT; };
		012815902C413539001FFA2D /* FieldModel.swift */ = {isa = PBXFileReference; lastKnownFileType = sourcecode.swift; path = FieldModel.swift; sourceTree = "<group>"; };
		012815922C4135A2001FFA2D /* FieldType.swift */ = {isa = PBXFileReference; lastKnownFileType = sourcecode.swift; path = FieldType.swift; sourceTree = "<group>"; };
		012815942C4830B8001FFA2D /* APICalls.swift */ = {isa = PBXFileReference; lastKnownFileType = sourcecode.swift; path = APICalls.swift; sourceTree = "<group>"; };
		012815982C484128001FFA2D /* Error.swift */ = {isa = PBXFileReference; lastKnownFileType = sourcecode.swift; path = Error.swift; sourceTree = "<group>"; };
		0128159A2C485470001FFA2D /* Reachability.swift */ = {isa = PBXFileReference; lastKnownFileType = sourcecode.swift; path = Reachability.swift; sourceTree = "<group>"; };
		0128159C2C485607001FFA2D /* APIResponse.swift */ = {isa = PBXFileReference; lastKnownFileType = sourcecode.swift; path = APIResponse.swift; sourceTree = "<group>"; };
		0128159E2C4AE37F001FFA2D /* User.swift */ = {isa = PBXFileReference; lastKnownFileType = sourcecode.swift; path = User.swift; sourceTree = "<group>"; };
		012815A22C4AE753001FFA2D /* SelectionPickerView.swift */ = {isa = PBXFileReference; lastKnownFileType = sourcecode.swift; path = SelectionPickerView.swift; sourceTree = "<group>"; };
		012815A42C4C605E001FFA2D /* DatePickerUIView.swift */ = {isa = PBXFileReference; lastKnownFileType = sourcecode.swift; path = DatePickerUIView.swift; sourceTree = "<group>"; };
		012815A62C4D98B3001FFA2D /* UtilMethods.swift */ = {isa = PBXFileReference; lastKnownFileType = sourcecode.swift; path = UtilMethods.swift; sourceTree = "<group>"; };
		013504782BD7D9950000C859 /* ActionButton.swift */ = {isa = PBXFileReference; lastKnownFileType = sourcecode.swift; path = ActionButton.swift; sourceTree = "<group>"; };
		0135047A2BD7DBE20000C859 /* Localizable.xcstrings */ = {isa = PBXFileReference; lastKnownFileType = text.json.xcstrings; path = Localizable.xcstrings; sourceTree = "<group>"; };
		0135047C2BD8F95E0000C859 /* NestymateTests.swift */ = {isa = PBXFileReference; fileEncoding = 4; lastKnownFileType = sourcecode.swift; path = NestymateTests.swift; sourceTree = "<group>"; };
		0135047E2BD8F96B0000C859 /* NestymateUITests.swift */ = {isa = PBXFileReference; fileEncoding = 4; lastKnownFileType = sourcecode.swift; path = NestymateUITests.swift; sourceTree = "<group>"; };
		0135047F2BD8F96B0000C859 /* NestymateUITestsLaunchTests.swift */ = {isa = PBXFileReference; fileEncoding = 4; lastKnownFileType = sourcecode.swift; path = NestymateUITestsLaunchTests.swift; sourceTree = "<group>"; };
		013504842BD900460000C859 /* PaddingManager.swift */ = {isa = PBXFileReference; lastKnownFileType = sourcecode.swift; path = PaddingManager.swift; sourceTree = "<group>"; };
		013504862BD90FDB0000C859 /* SingleTextField.swift */ = {isa = PBXFileReference; lastKnownFileType = sourcecode.swift; path = SingleTextField.swift; sourceTree = "<group>"; };
		0153EB4B2C9740B40033D970 /* InviteUserView.swift */ = {isa = PBXFileReference; lastKnownFileType = sourcecode.swift; path = InviteUserView.swift; sourceTree = "<group>"; };
		0153EB4D2C9740C00033D970 /* InviteUserViewModel.swift */ = {isa = PBXFileReference; lastKnownFileType = sourcecode.swift; path = InviteUserViewModel.swift; sourceTree = "<group>"; };
		0153EB4F2C98BB330033D970 /* LogoutService.swift */ = {isa = PBXFileReference; lastKnownFileType = sourcecode.swift; path = LogoutService.swift; sourceTree = "<group>"; };
		018A04742BD114660051A3A4 /* LoginView.swift */ = {isa = PBXFileReference; lastKnownFileType = sourcecode.swift; path = LoginView.swift; sourceTree = "<group>"; };
		01A1B4F72BD10D8D0053BE3A /* nestymate-ios.app */ = {isa = PBXFileReference; explicitFileType = wrapper.application; includeInIndex = 0; path = "nestymate-ios.app"; sourceTree = BUILT_PRODUCTS_DIR; };
		01A1B4FE2BD10D920053BE3A /* Assets.xcassets */ = {isa = PBXFileReference; lastKnownFileType = folder.assetcatalog; path = Assets.xcassets; sourceTree = "<group>"; };
		01A1B5012BD10D920053BE3A /* Preview Assets.xcassets */ = {isa = PBXFileReference; lastKnownFileType = folder.assetcatalog; path = "Preview Assets.xcassets"; sourceTree = "<group>"; };
		01A1B5072BD10D930053BE3A /* nestymate-iosTests.xctest */ = {isa = PBXFileReference; explicitFileType = wrapper.cfbundle; includeInIndex = 0; path = "nestymate-iosTests.xctest"; sourceTree = BUILT_PRODUCTS_DIR; };
		01A1B5112BD10D930053BE3A /* nestymate-iosUITests.xctest */ = {isa = PBXFileReference; explicitFileType = wrapper.cfbundle; includeInIndex = 0; path = "nestymate-iosUITests.xctest"; sourceTree = BUILT_PRODUCTS_DIR; };
		01A6061C2C3EBFAD00B7622E /* ProfileViewModel.swift */ = {isa = PBXFileReference; lastKnownFileType = sourcecode.swift; path = ProfileViewModel.swift; sourceTree = "<group>"; };
		01A6061E2C3EC01400B7622E /* ProfileUseCase.swift */ = {isa = PBXFileReference; lastKnownFileType = sourcecode.swift; path = ProfileUseCase.swift; sourceTree = "<group>"; };
		01A606202C3EC86200B7622E /* HomeScreenCoordinator.swift */ = {isa = PBXFileReference; lastKnownFileType = sourcecode.swift; path = HomeScreenCoordinator.swift; sourceTree = "<group>"; };
		01A606222C3F207500B7622E /* ActivityIndicatorIView.swift */ = {isa = PBXFileReference; lastKnownFileType = sourcecode.swift; path = ActivityIndicatorIView.swift; sourceTree = "<group>"; };
		01A606242C3F259300B7622E /* View+Extenstion.swift */ = {isa = PBXFileReference; lastKnownFileType = sourcecode.swift; path = "View+Extenstion.swift"; sourceTree = "<group>"; };
		01A606262C3FC41E00B7622E /* SignUpView.swift */ = {isa = PBXFileReference; lastKnownFileType = sourcecode.swift; path = SignUpView.swift; sourceTree = "<group>"; };
		01A606282C3FC5ED00B7622E /* SignUpViewModel.swift */ = {isa = PBXFileReference; lastKnownFileType = sourcecode.swift; path = SignUpViewModel.swift; sourceTree = "<group>"; };
		01A6062A2C3FC62D00B7622E /* SignUpUseCase.swift */ = {isa = PBXFileReference; lastKnownFileType = sourcecode.swift; path = SignUpUseCase.swift; sourceTree = "<group>"; };
		01A6062C2C3FCB9E00B7622E /* PasswordTextField.swift */ = {isa = PBXFileReference; lastKnownFileType = sourcecode.swift; path = PasswordTextField.swift; sourceTree = "<group>"; };
		01A606322C4017A900B7622E /* String+Extension.swift */ = {isa = PBXFileReference; lastKnownFileType = sourcecode.swift; path = "String+Extension.swift"; sourceTree = "<group>"; };
		01B6DF982BD6A1D500E2983E /* FontManager.swift */ = {isa = PBXFileReference; fileEncoding = 4; lastKnownFileType = sourcecode.swift; path = FontManager.swift; sourceTree = "<group>"; };
		01B6DF9D2BD6A3D900E2983E /* ColorManager.swift */ = {isa = PBXFileReference; lastKnownFileType = sourcecode.swift; path = ColorManager.swift; sourceTree = "<group>"; };
		01C8AC4F2CEE6B6300D74BF8 /* .swiftformat */ = {isa = PBXFileReference; lastKnownFileType = text; path = .swiftformat; sourceTree = "<group>"; };
		01C8AC502CEE6D5E00D74BF8 /* .swiftlint.yml */ = {isa = PBXFileReference; lastKnownFileType = text.yaml; path = .swiftlint.yml; sourceTree = "<group>"; };
		01C8AC532CEFE37E00D74BF8 /* LoginServiceMock.swift */ = {isa = PBXFileReference; lastKnownFileType = sourcecode.swift; path = LoginServiceMock.swift; sourceTree = "<group>"; };
		01C8AC562CEFE4F400D74BF8 /* HomeServiceMock.swift */ = {isa = PBXFileReference; lastKnownFileType = sourcecode.swift; path = HomeServiceMock.swift; sourceTree = "<group>"; };
		01D488112C95DC910024A7F2 /* Expense.swift */ = {isa = PBXFileReference; lastKnownFileType = sourcecode.swift; path = Expense.swift; sourceTree = "<group>"; };
		01D488132C95DCCC0024A7F2 /* ExpensesViewModel.swift */ = {isa = PBXFileReference; lastKnownFileType = sourcecode.swift; path = ExpensesViewModel.swift; sourceTree = "<group>"; };
		01D488172C95F5840024A7F2 /* HomeUseCase.swift */ = {isa = PBXFileReference; lastKnownFileType = sourcecode.swift; path = HomeUseCase.swift; sourceTree = "<group>"; };
		01D488282C96E8920024A7F2 /* MainViewModel.swift */ = {isa = PBXFileReference; lastKnownFileType = sourcecode.swift; path = MainViewModel.swift; sourceTree = "<group>"; };
		01D4882A2C96F13D0024A7F2 /* CategoriesViewModel.swift */ = {isa = PBXFileReference; lastKnownFileType = sourcecode.swift; path = CategoriesViewModel.swift; sourceTree = "<group>"; };
		01D4882C2C96F1B70024A7F2 /* Category.swift */ = {isa = PBXFileReference; lastKnownFileType = sourcecode.swift; path = Category.swift; sourceTree = "<group>"; };
		01D4882E2C96F21D0024A7F2 /* CategoryUseCase.swift */ = {isa = PBXFileReference; lastKnownFileType = sourcecode.swift; path = CategoryUseCase.swift; sourceTree = "<group>"; };
		01D488312C96F7ED0024A7F2 /* CreateOrEditCategoryViewModel.swift */ = {isa = PBXFileReference; lastKnownFileType = sourcecode.swift; path = CreateOrEditCategoryViewModel.swift; sourceTree = "<group>"; };
		01D488332C96F7FE0024A7F2 /* CreateOrEditCategoryView.swift */ = {isa = PBXFileReference; lastKnownFileType = sourcecode.swift; path = CreateOrEditCategoryView.swift; sourceTree = "<group>"; };
		01D488352C9718460024A7F2 /* ExpenseUseCase.swift */ = {isa = PBXFileReference; lastKnownFileType = sourcecode.swift; path = ExpenseUseCase.swift; sourceTree = "<group>"; };
		01D488372C9718DC0024A7F2 /* ExpenseService.swift */ = {isa = PBXFileReference; lastKnownFileType = sourcecode.swift; path = ExpenseService.swift; sourceTree = "<group>"; };
		01D4883A2C9721B00024A7F2 /* CreateOrEditExpenseViewModel.swift */ = {isa = PBXFileReference; lastKnownFileType = sourcecode.swift; path = CreateOrEditExpenseViewModel.swift; sourceTree = "<group>"; };
		01D4883E2C9736700024A7F2 /* CreateOrEditExpenseView.swift */ = {isa = PBXFileReference; fileEncoding = 4; lastKnownFileType = sourcecode.swift; path = CreateOrEditExpenseView.swift; sourceTree = "<group>"; };
		01D7922B2C8D985D00EDA9D2 /* MyHomeView.swift */ = {isa = PBXFileReference; lastKnownFileType = sourcecode.swift; path = MyHomeView.swift; sourceTree = "<group>"; };
		01D7922D2C8D9AFD00EDA9D2 /* ExpensesCoordinator.swift */ = {isa = PBXFileReference; lastKnownFileType = sourcecode.swift; path = ExpensesCoordinator.swift; sourceTree = "<group>"; };
		01D7922F2C8D9F5200EDA9D2 /* MyHomeViewModel.swift */ = {isa = PBXFileReference; lastKnownFileType = sourcecode.swift; path = MyHomeViewModel.swift; sourceTree = "<group>"; };
		01D792332C8DA52D00EDA9D2 /* CategoriesView.swift */ = {isa = PBXFileReference; lastKnownFileType = sourcecode.swift; path = CategoriesView.swift; sourceTree = "<group>"; };
		01D9A75D2CA872270081A181 /* DateUtils.swift */ = {isa = PBXFileReference; lastKnownFileType = sourcecode.swift; path = DateUtils.swift; sourceTree = "<group>"; };
		01D9A75F2CB5C2D60081A181 /* HomeUserDefaults.swift */ = {isa = PBXFileReference; lastKnownFileType = sourcecode.swift; path = HomeUserDefaults.swift; sourceTree = "<group>"; };
		01D9A7612CBA920C0081A181 /* CategoryService.swift */ = {isa = PBXFileReference; lastKnownFileType = sourcecode.swift; path = CategoryService.swift; sourceTree = "<group>"; };
/* End PBXFileReference section */

/* Begin PBXFrameworksBuildPhase section */
		01A1B4F42BD10D8D0053BE3A /* Frameworks */ = {
			isa = PBXFrameworksBuildPhase;
			buildActionMask = 2147483647;
			files = (
			);
			runOnlyForDeploymentPostprocessing = 0;
		};
		01A1B5042BD10D930053BE3A /* Frameworks */ = {
			isa = PBXFrameworksBuildPhase;
			buildActionMask = 2147483647;
			files = (
			);
			runOnlyForDeploymentPostprocessing = 0;
		};
		01A1B50E2BD10D930053BE3A /* Frameworks */ = {
			isa = PBXFrameworksBuildPhase;
			buildActionMask = 2147483647;
			files = (
			);
			runOnlyForDeploymentPostprocessing = 0;
		};
/* End PBXFrameworksBuildPhase section */

/* Begin PBXGroup section */
		0106B60A2BE185B90024AFCB /* MainScreen */ = {
			isa = PBXGroup;
			children = (
				0153EB4A2C9740A30033D970 /* InviteUser */,
				01D488212C96DDA00024A7F2 /* Main */,
				01D488202C96DD7E0024A7F2 /* Profile */,
				01D4881F2C96DD630024A7F2 /* Expenses */,
			);
			path = MainScreen;
			sourceTree = "<group>";
		};
		0106B60D2BE18A4C0024AFCB /* Services */ = {
			isa = PBXGroup;
			children = (
				01C8AC522CEFE37100D74BF8 /* MockServices */,
				01D9A7612CBA920C0081A181 /* CategoryService.swift */,
				0106B60E2BE18A5E0024AFCB /* LoginService.swift */,
				0106B6252BFA5E530024AFCB /* HomeService.swift */,
				0106B6292BFA610B0024AFCB /* KeychainHelper.swift */,
				01D488372C9718DC0024A7F2 /* ExpenseService.swift */,
				0153EB4F2C98BB330033D970 /* LogoutService.swift */,
			);
			path = Services;
			sourceTree = "<group>";
		};
		0106B6122BE191310024AFCB /* Models */ = {
			isa = PBXGroup;
			children = (
				0106B6272BFA5E920024AFCB /* Login.swift */,
				0106B62B2BFA746C0024AFCB /* Home.swift */,
				012815902C413539001FFA2D /* FieldModel.swift */,
				012815922C4135A2001FFA2D /* FieldType.swift */,
				0128159C2C485607001FFA2D /* APIResponse.swift */,
				0128159E2C4AE37F001FFA2D /* User.swift */,
				01D488112C95DC910024A7F2 /* Expense.swift */,
				01D4882C2C96F1B70024A7F2 /* Category.swift */,
			);
			path = Models;
			sourceTree = "<group>";
		};
		0106B6172BE195DC0024AFCB /* Coordinators */ = {
			isa = PBXGroup;
			children = (
				0106B6182BE195F10024AFCB /* MainCoordinator.swift */,
				0106B61A2BE811B30024AFCB /* AppCoordinator.swift */,
				01A606202C3EC86200B7622E /* HomeScreenCoordinator.swift */,
				01D7922D2C8D9AFD00EDA9D2 /* ExpensesCoordinator.swift */,
			);
			path = Coordinators;
			sourceTree = "<group>";
		};
		013504772BD7D9800000C859 /* Components */ = {
			isa = PBXGroup;
			children = (
				01A6062F2C3FCBDD00B7622E /* Textfields */,
				013504782BD7D9950000C859 /* ActionButton.swift */,
				01A606222C3F207500B7622E /* ActivityIndicatorIView.swift */,
				012815A22C4AE753001FFA2D /* SelectionPickerView.swift */,
				012815A42C4C605E001FFA2D /* DatePickerUIView.swift */,
			);
			path = Components;
			sourceTree = "<group>";
		};
		0153EB4A2C9740A30033D970 /* InviteUser */ = {
			isa = PBXGroup;
			children = (
				0153EB4B2C9740B40033D970 /* InviteUserView.swift */,
				0153EB4D2C9740C00033D970 /* InviteUserViewModel.swift */,
			);
			path = InviteUser;
			sourceTree = "<group>";
		};
		018A04732BD114330051A3A4 /* Presentation */ = {
			isa = PBXGroup;
			children = (
				01D488272C96E8700024A7F2 /* Root */,
				01D488252C96DE490024A7F2 /* CreateOrEditHome */,
				01D488222C96DDE00024A7F2 /* SignUp */,
				01D4881E2C96DD470024A7F2 /* Login */,
				01D7922A2C8D983C00EDA9D2 /* Home */,
				0106B60A2BE185B90024AFCB /* MainScreen */,
			);
			path = Presentation;
			sourceTree = "<group>";
		};
		01A1B4EE2BD10D8C0053BE3A = {
			isa = PBXGroup;
			children = (
				01C8AC4F2CEE6B6300D74BF8 /* .swiftformat */,
				01C8AC502CEE6D5E00D74BF8 /* .swiftlint.yml */,
				01A1B4F92BD10D8D0053BE3A /* nestymate-ios */,
				01A1B50A2BD10D930053BE3A /* nestymate-iosTests */,
				01A1B5142BD10D930053BE3A /* nestymate-iosUITests */,
				01A1B4F82BD10D8D0053BE3A /* Products */,
			);
			sourceTree = "<group>";
		};
		01A1B4F82BD10D8D0053BE3A /* Products */ = {
			isa = PBXGroup;
			children = (
				01A1B4F72BD10D8D0053BE3A /* nestymate-ios.app */,
				01A1B5072BD10D930053BE3A /* nestymate-iosTests.xctest */,
				01A1B5112BD10D930053BE3A /* nestymate-iosUITests.xctest */,
			);
			name = Products;
			sourceTree = "<group>";
		};
		01A1B4F92BD10D8D0053BE3A /* nestymate-ios */ = {
			isa = PBXGroup;
			children = (
				011165D72BD69D7700817935 /* Nestymate.swift */,
				0106B61E2BFA5BA20024AFCB /* Info.plist */,
				01D488262C96DE860024A7F2 /* Assets */,
				01D488232C96DE080024A7F2 /* Common */,
				0106B6172BE195DC0024AFCB /* Coordinators */,
				01D488242C96DE2E0024A7F2 /* Networking */,
				018A04732BD114330051A3A4 /* Presentation */,
				01A1B5002BD10D920053BE3A /* Preview Content */,
			);
			path = "nestymate-ios";
			sourceTree = "<group>";
		};
		01A1B5002BD10D920053BE3A /* Preview Content */ = {
			isa = PBXGroup;
			children = (
				01A1B5012BD10D920053BE3A /* Preview Assets.xcassets */,
			);
			path = "Preview Content";
			sourceTree = "<group>";
		};
		01A1B50A2BD10D930053BE3A /* nestymate-iosTests */ = {
			isa = PBXGroup;
			children = (
				0135047C2BD8F95E0000C859 /* NestymateTests.swift */,
			);
			path = "nestymate-iosTests";
			sourceTree = "<group>";
		};
		01A1B5142BD10D930053BE3A /* nestymate-iosUITests */ = {
			isa = PBXGroup;
			children = (
				0135047E2BD8F96B0000C859 /* NestymateUITests.swift */,
				0135047F2BD8F96B0000C859 /* NestymateUITestsLaunchTests.swift */,
			);
			path = "nestymate-iosUITests";
			sourceTree = "<group>";
		};
		01A6062E2C3FCBBF00B7622E /* Extensions */ = {
			isa = PBXGroup;
			children = (
				01A606242C3F259300B7622E /* View+Extenstion.swift */,
				01A606322C4017A900B7622E /* String+Extension.swift */,
			);
			path = Extensions;
			sourceTree = "<group>";
		};
		01A6062F2C3FCBDD00B7622E /* Textfields */ = {
			isa = PBXGroup;
			children = (
				013504862BD90FDB0000C859 /* SingleTextField.swift */,
				01A6062C2C3FCB9E00B7622E /* PasswordTextField.swift */,
			);
			path = Textfields;
			sourceTree = "<group>";
		};
		01B6DF9C2BD6A3C400E2983E /* Utils */ = {
			isa = PBXGroup;
			children = (
				01D9A75F2CB5C2D60081A181 /* HomeUserDefaults.swift */,
				01D9A75D2CA872270081A181 /* DateUtils.swift */,
				01B6DF982BD6A1D500E2983E /* FontManager.swift */,
				01B6DF9D2BD6A3D900E2983E /* ColorManager.swift */,
				013504842BD900460000C859 /* PaddingManager.swift */,
				012815942C4830B8001FFA2D /* APICalls.swift */,
				012815982C484128001FFA2D /* Error.swift */,
				0128159A2C485470001FFA2D /* Reachability.swift */,
				012815A62C4D98B3001FFA2D /* UtilMethods.swift */,
			);
			path = Utils;
			sourceTree = "<group>";
		};
		01C8AC522CEFE37100D74BF8 /* MockServices */ = {
			isa = PBXGroup;
			children = (
				01C8AC562CEFE4F400D74BF8 /* HomeServiceMock.swift */,
				01C8AC532CEFE37E00D74BF8 /* LoginServiceMock.swift */,
			);
			path = MockServices;
			sourceTree = "<group>";
		};
		01D488192C96DCDF0024A7F2 /* MyHome */ = {
			isa = PBXGroup;
			children = (
				01D488172C95F5840024A7F2 /* HomeUseCase.swift */,
				01D7922B2C8D985D00EDA9D2 /* MyHomeView.swift */,
				01D7922F2C8D9F5200EDA9D2 /* MyHomeViewModel.swift */,
			);
			path = MyHome;
			sourceTree = "<group>";
		};
		01D4881D2C96DD310024A7F2 /* Categories */ = {
			isa = PBXGroup;
			children = (
				01D488302C96F7C40024A7F2 /* CreateOrEditCategory */,
				01D4882E2C96F21D0024A7F2 /* CategoryUseCase.swift */,
				01D792332C8DA52D00EDA9D2 /* CategoriesView.swift */,
				01D4882A2C96F13D0024A7F2 /* CategoriesViewModel.swift */,
			);
			path = Categories;
			sourceTree = "<group>";
		};
		01D4881E2C96DD470024A7F2 /* Login */ = {
			isa = PBXGroup;
			children = (
				0106B6152BE191B50024AFCB /* LoginUseCase.swift */,
				018A04742BD114660051A3A4 /* LoginView.swift */,
				0106B6132BE191640024AFCB /* LoginViewModel.swift */,
			);
			path = Login;
			sourceTree = "<group>";
		};
		01D4881F2C96DD630024A7F2 /* Expenses */ = {
			isa = PBXGroup;
			children = (
				01D488392C9721A30024A7F2 /* createOrEditExpense */,
				0106B6082BE185B40024AFCB /* ExpensesView.swift */,
				01D488132C95DCCC0024A7F2 /* ExpensesViewModel.swift */,
				01D488352C9718460024A7F2 /* ExpenseUseCase.swift */,
			);
			path = Expenses;
			sourceTree = "<group>";
		};
		01D488202C96DD7E0024A7F2 /* Profile */ = {
			isa = PBXGroup;
			children = (
				01A6061E2C3EC01400B7622E /* ProfileUseCase.swift */,
				0106B6062BE1859F0024AFCB /* ProfileView.swift */,
				01A6061C2C3EBFAD00B7622E /* ProfileViewModel.swift */,
			);
			path = Profile;
			sourceTree = "<group>";
		};
		01D488212C96DDA00024A7F2 /* Main */ = {
			isa = PBXGroup;
			children = (
				0106B62F2BFA79450024AFCB /* MainScreenUseCase.swift */,
				0106B62D2BFA78B50024AFCB /* MainScreenViewModel.swift */,
				0106B6042BE1851B0024AFCB /* MainScreenView.swift */,
			);
			path = Main;
			sourceTree = "<group>";
		};
		01D488222C96DDE00024A7F2 /* SignUp */ = {
			isa = PBXGroup;
			children = (
				01A6062A2C3FC62D00B7622E /* SignUpUseCase.swift */,
				01A606262C3FC41E00B7622E /* SignUpView.swift */,
				01A606282C3FC5ED00B7622E /* SignUpViewModel.swift */,
			);
			path = SignUp;
			sourceTree = "<group>";
		};
		01D488232C96DE080024A7F2 /* Common */ = {
			isa = PBXGroup;
			children = (
				013504772BD7D9800000C859 /* Components */,
				01B6DF9C2BD6A3C400E2983E /* Utils */,
				01A6062E2C3FCBBF00B7622E /* Extensions */,
			);
			path = Common;
			sourceTree = "<group>";
		};
		01D488242C96DE2E0024A7F2 /* Networking */ = {
			isa = PBXGroup;
			children = (
				0106B6122BE191310024AFCB /* Models */,
				0106B60D2BE18A4C0024AFCB /* Services */,
			);
			path = Networking;
			sourceTree = "<group>";
		};
		01D488252C96DE490024A7F2 /* CreateOrEditHome */ = {
			isa = PBXGroup;
			children = (
				0106B61F2BFA5CC30024AFCB /* CreateOrEditHomeView.swift */,
				0106B6212BFA5D910024AFCB /* CreateOrEditHomeViewModel.swift */,
			);
			path = CreateOrEditHome;
			sourceTree = "<group>";
		};
		01D488262C96DE860024A7F2 /* Assets */ = {
			isa = PBXGroup;
			children = (
				0135047A2BD7DBE20000C859 /* Localizable.xcstrings */,
				01A1B4FE2BD10D920053BE3A /* Assets.xcassets */,
			);
			path = Assets;
			sourceTree = "<group>";
		};
		01D488272C96E8700024A7F2 /* Root */ = {
			isa = PBXGroup;
			children = (
				0106B61C2BE811E60024AFCB /* MainView.swift */,
				01D488282C96E8920024A7F2 /* MainViewModel.swift */,
			);
			path = Root;
			sourceTree = "<group>";
		};
		01D488302C96F7C40024A7F2 /* CreateOrEditCategory */ = {
			isa = PBXGroup;
			children = (
				01D488312C96F7ED0024A7F2 /* CreateOrEditCategoryViewModel.swift */,
				01D488332C96F7FE0024A7F2 /* CreateOrEditCategoryView.swift */,
			);
			path = CreateOrEditCategory;
			sourceTree = "<group>";
		};
		01D488392C9721A30024A7F2 /* createOrEditExpense */ = {
			isa = PBXGroup;
			children = (
				01D4883E2C9736700024A7F2 /* CreateOrEditExpenseView.swift */,
				01D4883A2C9721B00024A7F2 /* CreateOrEditExpenseViewModel.swift */,
			);
			path = createOrEditExpense;
			sourceTree = "<group>";
		};
		01D7922A2C8D983C00EDA9D2 /* Home */ = {
			isa = PBXGroup;
			children = (
				01D488192C96DCDF0024A7F2 /* MyHome */,
				01D4881D2C96DD310024A7F2 /* Categories */,
			);
			path = Home;
			sourceTree = "<group>";
		};
/* End PBXGroup section */

/* Begin PBXNativeTarget section */
		01A1B4F62BD10D8D0053BE3A /* nestymate-ios */ = {
			isa = PBXNativeTarget;
			buildConfigurationList = 01A1B51B2BD10D930053BE3A /* Build configuration list for PBXNativeTarget "nestymate-ios" */;
			buildPhases = (
				01C8AC4D2CEBC07D00D74BF8 /* ShellScript */,
				01A1B4F32BD10D8D0053BE3A /* Sources */,
				01A1B4F42BD10D8D0053BE3A /* Frameworks */,
				01A1B4F52BD10D8D0053BE3A /* Resources */,
				01C8AC4E2CEE69DF00D74BF8 /* ShellScript */,
			);
			buildRules = (
			);
			dependencies = (
			);
			name = "nestymate-ios";
			productName = "nestymate-ios";
			productReference = 01A1B4F72BD10D8D0053BE3A /* nestymate-ios.app */;
			productType = "com.apple.product-type.application";
		};
		01A1B5062BD10D930053BE3A /* nestymate-iosTests */ = {
			isa = PBXNativeTarget;
			buildConfigurationList = 01A1B51E2BD10D930053BE3A /* Build configuration list for PBXNativeTarget "nestymate-iosTests" */;
			buildPhases = (
				01A1B5032BD10D930053BE3A /* Sources */,
				01A1B5042BD10D930053BE3A /* Frameworks */,
				01A1B5052BD10D930053BE3A /* Resources */,
			);
			buildRules = (
			);
			dependencies = (
				01A1B5092BD10D930053BE3A /* PBXTargetDependency */,
			);
			name = "nestymate-iosTests";
			productName = "nestymate-iosTests";
			productReference = 01A1B5072BD10D930053BE3A /* nestymate-iosTests.xctest */;
			productType = "com.apple.product-type.bundle.unit-test";
		};
		01A1B5102BD10D930053BE3A /* nestymate-iosUITests */ = {
			isa = PBXNativeTarget;
			buildConfigurationList = 01A1B5212BD10D930053BE3A /* Build configuration list for PBXNativeTarget "nestymate-iosUITests" */;
			buildPhases = (
				01A1B50D2BD10D930053BE3A /* Sources */,
				01A1B50E2BD10D930053BE3A /* Frameworks */,
				01A1B50F2BD10D930053BE3A /* Resources */,
			);
			buildRules = (
			);
			dependencies = (
				01A1B5132BD10D930053BE3A /* PBXTargetDependency */,
			);
			name = "nestymate-iosUITests";
			productName = "nestymate-iosUITests";
			productReference = 01A1B5112BD10D930053BE3A /* nestymate-iosUITests.xctest */;
			productType = "com.apple.product-type.bundle.ui-testing";
		};
/* End PBXNativeTarget section */

/* Begin PBXProject section */
		01A1B4EF2BD10D8C0053BE3A /* Project object */ = {
			isa = PBXProject;
			attributes = {
				BuildIndependentTargetsInParallel = 1;
				LastSwiftUpdateCheck = 1520;
				LastUpgradeCheck = 1600;
				TargetAttributes = {
					01A1B4F62BD10D8D0053BE3A = {
						CreatedOnToolsVersion = 15.2;
					};
					01A1B5062BD10D930053BE3A = {
						CreatedOnToolsVersion = 15.2;
						TestTargetID = 01A1B4F62BD10D8D0053BE3A;
					};
					01A1B5102BD10D930053BE3A = {
						CreatedOnToolsVersion = 15.2;
						TestTargetID = 01A1B4F62BD10D8D0053BE3A;
					};
				};
			};
			buildConfigurationList = 01A1B4F22BD10D8C0053BE3A /* Build configuration list for PBXProject "nestymate-ios" */;
			compatibilityVersion = "Xcode 14.0";
			developmentRegion = en;
			hasScannedForEncodings = 0;
			knownRegions = (
				en,
				Base,
				el,
			);
			mainGroup = 01A1B4EE2BD10D8C0053BE3A;
			packageReferences = (
			);
			productRefGroup = 01A1B4F82BD10D8D0053BE3A /* Products */;
			projectDirPath = "";
			projectRoot = "";
			targets = (
				01A1B4F62BD10D8D0053BE3A /* nestymate-ios */,
				01A1B5062BD10D930053BE3A /* nestymate-iosTests */,
				01A1B5102BD10D930053BE3A /* nestymate-iosUITests */,
			);
		};
/* End PBXProject section */

/* Begin PBXResourcesBuildPhase section */
		01A1B4F52BD10D8D0053BE3A /* Resources */ = {
			isa = PBXResourcesBuildPhase;
			buildActionMask = 2147483647;
			files = (
				01C8AC512CEE6D5E00D74BF8 /* .swiftlint.yml in Resources */,
				01A1B5022BD10D920053BE3A /* Preview Assets.xcassets in Resources */,
				01A1B4FF2BD10D920053BE3A /* Assets.xcassets in Resources */,
				0135047B2BD7DBE20000C859 /* Localizable.xcstrings in Resources */,
			);
			runOnlyForDeploymentPostprocessing = 0;
		};
		01A1B5052BD10D930053BE3A /* Resources */ = {
			isa = PBXResourcesBuildPhase;
			buildActionMask = 2147483647;
			files = (
			);
			runOnlyForDeploymentPostprocessing = 0;
		};
		01A1B50F2BD10D930053BE3A /* Resources */ = {
			isa = PBXResourcesBuildPhase;
			buildActionMask = 2147483647;
			files = (
			);
			runOnlyForDeploymentPostprocessing = 0;
		};
/* End PBXResourcesBuildPhase section */

/* Begin PBXShellScriptBuildPhase section */
		01C8AC4D2CEBC07D00D74BF8 /* ShellScript */ = {
			isa = PBXShellScriptBuildPhase;
			alwaysOutOfDate = 1;
			buildActionMask = 2147483647;
			files = (
			);
			inputFileListPaths = (
			);
			inputPaths = (
			);
			outputFileListPaths = (
			);
			outputPaths = (
			);
			runOnlyForDeploymentPostprocessing = 0;
			shellPath = /bin/sh;
			shellScript = "# Type a script or drag a script file from your workspace to insert its path.\ncd BuildTools\nSDKROOT=(xcrun --sdk macosx --show-sdk-path )\n#swift package update #Uncomment this line temporarily to update the version used to the latest matching your BuildTools/Package.swift file\nswift run -c release swiftformat \"$SRCROOT\"\n";
		};
		01C8AC4E2CEE69DF00D74BF8 /* ShellScript */ = {
			isa = PBXShellScriptBuildPhase;
			alwaysOutOfDate = 1;
			buildActionMask = 2147483647;
			files = (
			);
			inputFileListPaths = (
			);
			inputPaths = (
			);
			outputFileListPaths = (
			);
			outputPaths = (
			);
			runOnlyForDeploymentPostprocessing = 0;
			shellPath = /bin/sh;
			shellScript = "if command -v swiftlint >/dev/null 2>&1\nthen\n    swiftlint\nelse\n    echo \"warning: `swiftlint` command not found - See https://github.com/realm/SwiftLint#installation for installation instructions.\"\nfi\n";
		};
/* End PBXShellScriptBuildPhase section */

/* Begin PBXSourcesBuildPhase section */
		01A1B4F32BD10D8D0053BE3A /* Sources */ = {
			isa = PBXSourcesBuildPhase;
			buildActionMask = 2147483647;
			files = (
				01D488342C96F7FE0024A7F2 /* CreateOrEditCategoryView.swift in Sources */,
				012815932C4135A2001FFA2D /* FieldType.swift in Sources */,
				0106B6282BFA5E920024AFCB /* Login.swift in Sources */,
				01D4882D2C96F1B70024A7F2 /* Category.swift in Sources */,
				012815A52C4C605E001FFA2D /* DatePickerUIView.swift in Sources */,
				0153EB502C98BB330033D970 /* LogoutService.swift in Sources */,
				01A6062D2C3FCB9E00B7622E /* PasswordTextField.swift in Sources */,
				013504852BD900460000C859 /* PaddingManager.swift in Sources */,
				01D488142C95DCCC0024A7F2 /* ExpensesViewModel.swift in Sources */,
				0153EB4C2C9740B50033D970 /* InviteUserView.swift in Sources */,
				01A606252C3F259300B7622E /* View+Extenstion.swift in Sources */,
				011165D82BD69D7700817935 /* Nestymate.swift in Sources */,
				0128159B2C485470001FFA2D /* Reachability.swift in Sources */,
				0106B6072BE1859F0024AFCB /* ProfileView.swift in Sources */,
				01D9A7602CB5C2E70081A181 /* HomeUserDefaults.swift in Sources */,
				01D488292C96E8920024A7F2 /* MainViewModel.swift in Sources */,
				01D792342C8DA52D00EDA9D2 /* CategoriesView.swift in Sources */,
				01D9A7622CBA92150081A181 /* CategoryService.swift in Sources */,
				013504872BD90FDB0000C859 /* SingleTextField.swift in Sources */,
				0106B62E2BFA78B50024AFCB /* MainScreenViewModel.swift in Sources */,
				0106B61B2BE811B30024AFCB /* AppCoordinator.swift in Sources */,
				012815952C4830B8001FFA2D /* APICalls.swift in Sources */,
				012815912C413539001FFA2D /* FieldModel.swift in Sources */,
				01A6061F2C3EC01400B7622E /* ProfileUseCase.swift in Sources */,
				01D4882F2C96F21D0024A7F2 /* CategoryUseCase.swift in Sources */,
				01B6DF9E2BD6A3D900E2983E /* ColorManager.swift in Sources */,
				0106B6052BE1851B0024AFCB /* MainScreenView.swift in Sources */,
				0106B6202BFA5CC30024AFCB /* CreateOrEditHomeView.swift in Sources */,
				012815992C484128001FFA2D /* Error.swift in Sources */,
				01D7922C2C8D985D00EDA9D2 /* MyHomeView.swift in Sources */,
				01A606232C3F207500B7622E /* ActivityIndicatorIView.swift in Sources */,
				0128159D2C485607001FFA2D /* APIResponse.swift in Sources */,
				0128159F2C4AE380001FFA2D /* User.swift in Sources */,
				01D488122C95DC910024A7F2 /* Expense.swift in Sources */,
				01A6061D2C3EBFAD00B7622E /* ProfileViewModel.swift in Sources */,
				01D4882B2C96F13D0024A7F2 /* CategoriesViewModel.swift in Sources */,
				018A04752BD114660051A3A4 /* LoginView.swift in Sources */,
				01C8AC552CEFE48100D74BF8 /* LoginServiceMock.swift in Sources */,
				0106B60F2BE18A5E0024AFCB /* LoginService.swift in Sources */,
				01D9A75E2CA872290081A181 /* DateUtils.swift in Sources */,
				01A606272C3FC41E00B7622E /* SignUpView.swift in Sources */,
				0106B6142BE191640024AFCB /* LoginViewModel.swift in Sources */,
				01A606292C3FC5ED00B7622E /* SignUpViewModel.swift in Sources */,
				01C8AC572CEFE4FF00D74BF8 /* HomeServiceMock.swift in Sources */,
				0106B6222BFA5D910024AFCB /* CreateOrEditHomeViewModel.swift in Sources */,
				01D7922E2C8D9AFD00EDA9D2 /* ExpensesCoordinator.swift in Sources */,
				0153EB4E2C9740C00033D970 /* InviteUserViewModel.swift in Sources */,
				0106B62C2BFA746C0024AFCB /* Home.swift in Sources */,
				012815A32C4AE753001FFA2D /* SelectionPickerView.swift in Sources */,
				0106B6092BE185B40024AFCB /* ExpensesView.swift in Sources */,
				0106B6262BFA5E530024AFCB /* HomeService.swift in Sources */,
				0106B61D2BE811E60024AFCB /* MainView.swift in Sources */,
				01B6DF992BD6A1D500E2983E /* FontManager.swift in Sources */,
				012815A72C4D98B3001FFA2D /* UtilMethods.swift in Sources */,
				01D4883B2C9721B00024A7F2 /* CreateOrEditExpenseViewModel.swift in Sources */,
				01D4883F2C9736700024A7F2 /* CreateOrEditExpenseView.swift in Sources */,
				01D488382C9718DC0024A7F2 /* ExpenseService.swift in Sources */,
				0106B6162BE191B50024AFCB /* LoginUseCase.swift in Sources */,
				01D488322C96F7ED0024A7F2 /* CreateOrEditCategoryViewModel.swift in Sources */,
				01A606332C4017A900B7622E /* String+Extension.swift in Sources */,
				0106B6192BE195F10024AFCB /* MainCoordinator.swift in Sources */,
				01D488182C95F5840024A7F2 /* HomeUseCase.swift in Sources */,
				0106B6302BFA79450024AFCB /* MainScreenUseCase.swift in Sources */,
				01D792302C8D9F5300EDA9D2 /* MyHomeViewModel.swift in Sources */,
				013504792BD7D9950000C859 /* ActionButton.swift in Sources */,
				0106B62A2BFA610B0024AFCB /* KeychainHelper.swift in Sources */,
				01A606212C3EC86200B7622E /* HomeScreenCoordinator.swift in Sources */,
				01A6062B2C3FC62D00B7622E /* SignUpUseCase.swift in Sources */,
				01D488362C9718460024A7F2 /* ExpenseUseCase.swift in Sources */,
			);
			runOnlyForDeploymentPostprocessing = 0;
		};
		01A1B5032BD10D930053BE3A /* Sources */ = {
			isa = PBXSourcesBuildPhase;
			buildActionMask = 2147483647;
			files = (
				0135047D2BD8F95E0000C859 /* NestymateTests.swift in Sources */,
			);
			runOnlyForDeploymentPostprocessing = 0;
		};
		01A1B50D2BD10D930053BE3A /* Sources */ = {
			isa = PBXSourcesBuildPhase;
			buildActionMask = 2147483647;
			files = (
				013504832BD8FA730000C859 /* NestymateUITestsLaunchTests.swift in Sources */,
				013504822BD8FA6E0000C859 /* NestymateUITests.swift in Sources */,
			);
			runOnlyForDeploymentPostprocessing = 0;
		};
/* End PBXSourcesBuildPhase section */

/* Begin PBXTargetDependency section */
		01A1B5092BD10D930053BE3A /* PBXTargetDependency */ = {
			isa = PBXTargetDependency;
			target = 01A1B4F62BD10D8D0053BE3A /* nestymate-ios */;
			targetProxy = 01A1B5082BD10D930053BE3A /* PBXContainerItemProxy */;
		};
		01A1B5132BD10D930053BE3A /* PBXTargetDependency */ = {
			isa = PBXTargetDependency;
			target = 01A1B4F62BD10D8D0053BE3A /* nestymate-ios */;
			targetProxy = 01A1B5122BD10D930053BE3A /* PBXContainerItemProxy */;
		};
/* End PBXTargetDependency section */

/* Begin XCBuildConfiguration section */
		01A1B5192BD10D930053BE3A /* Debug */ = {
			isa = XCBuildConfiguration;
			buildSettings = {
				ALWAYS_SEARCH_USER_PATHS = NO;
				ASSETCATALOG_COMPILER_GENERATE_SWIFT_ASSET_SYMBOL_EXTENSIONS = YES;
				CLANG_ANALYZER_LOCALIZABILITY_NONLOCALIZED = YES;
				CLANG_ANALYZER_NONNULL = YES;
				CLANG_ANALYZER_NUMBER_OBJECT_CONVERSION = YES_AGGRESSIVE;
				CLANG_CXX_LANGUAGE_STANDARD = "gnu++20";
				CLANG_ENABLE_MODULES = YES;
				CLANG_ENABLE_OBJC_ARC = YES;
				CLANG_ENABLE_OBJC_WEAK = YES;
				CLANG_WARN_BLOCK_CAPTURE_AUTORELEASING = YES;
				CLANG_WARN_BOOL_CONVERSION = YES;
				CLANG_WARN_COMMA = YES;
				CLANG_WARN_CONSTANT_CONVERSION = YES;
				CLANG_WARN_DEPRECATED_OBJC_IMPLEMENTATIONS = YES;
				CLANG_WARN_DIRECT_OBJC_ISA_USAGE = YES_ERROR;
				CLANG_WARN_DOCUMENTATION_COMMENTS = YES;
				CLANG_WARN_EMPTY_BODY = YES;
				CLANG_WARN_ENUM_CONVERSION = YES;
				CLANG_WARN_INFINITE_RECURSION = YES;
				CLANG_WARN_INT_CONVERSION = YES;
				CLANG_WARN_NON_LITERAL_NULL_CONVERSION = YES;
				CLANG_WARN_OBJC_IMPLICIT_RETAIN_SELF = YES;
				CLANG_WARN_OBJC_LITERAL_CONVERSION = YES;
				CLANG_WARN_OBJC_ROOT_CLASS = YES_ERROR;
				CLANG_WARN_QUOTED_INCLUDE_IN_FRAMEWORK_HEADER = YES;
				CLANG_WARN_RANGE_LOOP_ANALYSIS = YES;
				CLANG_WARN_STRICT_PROTOTYPES = YES;
				CLANG_WARN_SUSPICIOUS_MOVE = YES;
				CLANG_WARN_UNGUARDED_AVAILABILITY = YES_AGGRESSIVE;
				CLANG_WARN_UNREACHABLE_CODE = YES;
				CLANG_WARN__DUPLICATE_METHOD_MATCH = YES;
				COPY_PHASE_STRIP = NO;
				DEBUG_INFORMATION_FORMAT = dwarf;
				ENABLE_STRICT_OBJC_MSGSEND = YES;
				ENABLE_TESTABILITY = YES;
				ENABLE_USER_SCRIPT_SANDBOXING = NO;
				GCC_C_LANGUAGE_STANDARD = gnu17;
				GCC_DYNAMIC_NO_PIC = NO;
				GCC_NO_COMMON_BLOCKS = YES;
				GCC_OPTIMIZATION_LEVEL = 0;
				GCC_PREPROCESSOR_DEFINITIONS = (
					"DEBUG=1",
					"$(inherited)",
				);
				GCC_WARN_64_TO_32_BIT_CONVERSION = YES;
				GCC_WARN_ABOUT_RETURN_TYPE = YES_ERROR;
				GCC_WARN_UNDECLARED_SELECTOR = YES;
				GCC_WARN_UNINITIALIZED_AUTOS = YES_AGGRESSIVE;
				GCC_WARN_UNUSED_FUNCTION = YES;
				GCC_WARN_UNUSED_VARIABLE = YES;
				IPHONEOS_DEPLOYMENT_TARGET = 16.0;
				LOCALIZATION_PREFERS_STRING_CATALOGS = YES;
				MTL_ENABLE_DEBUG_INFO = INCLUDE_SOURCE;
				MTL_FAST_MATH = YES;
				ONLY_ACTIVE_ARCH = YES;
				SDKROOT = iphoneos;
				SWIFT_ACTIVE_COMPILATION_CONDITIONS = "DEBUG $(inherited)";
				SWIFT_OPTIMIZATION_LEVEL = "-Onone";
			};
			name = Debug;
		};
		01A1B51A2BD10D930053BE3A /* Release */ = {
			isa = XCBuildConfiguration;
			buildSettings = {
				ALWAYS_SEARCH_USER_PATHS = NO;
				ASSETCATALOG_COMPILER_GENERATE_SWIFT_ASSET_SYMBOL_EXTENSIONS = YES;
				CLANG_ANALYZER_LOCALIZABILITY_NONLOCALIZED = YES;
				CLANG_ANALYZER_NONNULL = YES;
				CLANG_ANALYZER_NUMBER_OBJECT_CONVERSION = YES_AGGRESSIVE;
				CLANG_CXX_LANGUAGE_STANDARD = "gnu++20";
				CLANG_ENABLE_MODULES = YES;
				CLANG_ENABLE_OBJC_ARC = YES;
				CLANG_ENABLE_OBJC_WEAK = YES;
				CLANG_WARN_BLOCK_CAPTURE_AUTORELEASING = YES;
				CLANG_WARN_BOOL_CONVERSION = YES;
				CLANG_WARN_COMMA = YES;
				CLANG_WARN_CONSTANT_CONVERSION = YES;
				CLANG_WARN_DEPRECATED_OBJC_IMPLEMENTATIONS = YES;
				CLANG_WARN_DIRECT_OBJC_ISA_USAGE = YES_ERROR;
				CLANG_WARN_DOCUMENTATION_COMMENTS = YES;
				CLANG_WARN_EMPTY_BODY = YES;
				CLANG_WARN_ENUM_CONVERSION = YES;
				CLANG_WARN_INFINITE_RECURSION = YES;
				CLANG_WARN_INT_CONVERSION = YES;
				CLANG_WARN_NON_LITERAL_NULL_CONVERSION = YES;
				CLANG_WARN_OBJC_IMPLICIT_RETAIN_SELF = YES;
				CLANG_WARN_OBJC_LITERAL_CONVERSION = YES;
				CLANG_WARN_OBJC_ROOT_CLASS = YES_ERROR;
				CLANG_WARN_QUOTED_INCLUDE_IN_FRAMEWORK_HEADER = YES;
				CLANG_WARN_RANGE_LOOP_ANALYSIS = YES;
				CLANG_WARN_STRICT_PROTOTYPES = YES;
				CLANG_WARN_SUSPICIOUS_MOVE = YES;
				CLANG_WARN_UNGUARDED_AVAILABILITY = YES_AGGRESSIVE;
				CLANG_WARN_UNREACHABLE_CODE = YES;
				CLANG_WARN__DUPLICATE_METHOD_MATCH = YES;
				COPY_PHASE_STRIP = NO;
				DEBUG_INFORMATION_FORMAT = "dwarf-with-dsym";
				ENABLE_NS_ASSERTIONS = NO;
				ENABLE_STRICT_OBJC_MSGSEND = YES;
				ENABLE_USER_SCRIPT_SANDBOXING = NO;
				GCC_C_LANGUAGE_STANDARD = gnu17;
				GCC_NO_COMMON_BLOCKS = YES;
				GCC_WARN_64_TO_32_BIT_CONVERSION = YES;
				GCC_WARN_ABOUT_RETURN_TYPE = YES_ERROR;
				GCC_WARN_UNDECLARED_SELECTOR = YES;
				GCC_WARN_UNINITIALIZED_AUTOS = YES_AGGRESSIVE;
				GCC_WARN_UNUSED_FUNCTION = YES;
				GCC_WARN_UNUSED_VARIABLE = YES;
				IPHONEOS_DEPLOYMENT_TARGET = 16.0;
				LOCALIZATION_PREFERS_STRING_CATALOGS = YES;
				MTL_ENABLE_DEBUG_INFO = NO;
				MTL_FAST_MATH = YES;
				SDKROOT = iphoneos;
				SWIFT_COMPILATION_MODE = wholemodule;
				VALIDATE_PRODUCT = YES;
			};
			name = Release;
		};
		01A1B51C2BD10D930053BE3A /* Debug */ = {
			isa = XCBuildConfiguration;
			buildSettings = {
				ASSETCATALOG_COMPILER_APPICON_NAME = AppIcon;
				ASSETCATALOG_COMPILER_GLOBAL_ACCENT_COLOR_NAME = AccentColor;
				CODE_SIGN_STYLE = Automatic;
				CURRENT_PROJECT_VERSION = 1;
				DEVELOPMENT_ASSET_PATHS = "\"nestymate-ios/Preview Content\"";
				DEVELOPMENT_TEAM = 4L623JD48M;
				ENABLE_PREVIEWS = YES;
				ENABLE_USER_SCRIPT_SANDBOXING = NO;
				GENERATE_INFOPLIST_FILE = YES;
				INFOPLIST_FILE = "nestymate-ios/Info.plist";
				INFOPLIST_KEY_CFBundleDisplayName = Nestymate;
				INFOPLIST_KEY_LSApplicationCategoryType = "public.app-category.utilities";
				INFOPLIST_KEY_UIApplicationSceneManifest_Generation = YES;
				INFOPLIST_KEY_UIApplicationSupportsIndirectInputEvents = YES;
				INFOPLIST_KEY_UILaunchScreen_Generation = YES;
				INFOPLIST_KEY_UISupportedInterfaceOrientations_iPad = "UIInterfaceOrientationPortrait UIInterfaceOrientationPortraitUpsideDown UIInterfaceOrientationLandscapeLeft UIInterfaceOrientationLandscapeRight";
				INFOPLIST_KEY_UISupportedInterfaceOrientations_iPhone = "UIInterfaceOrientationPortrait UIInterfaceOrientationLandscapeLeft UIInterfaceOrientationLandscapeRight";
				LD_RUNPATH_SEARCH_PATHS = (
					"$(inherited)",
					"@executable_path/Frameworks",
				);
				MARKETING_VERSION = 1.0;
				PRODUCT_BUNDLE_IDENTIFIER = "gr.selini.nestymate-ios";
				PRODUCT_NAME = "$(TARGET_NAME)";
				SWIFT_EMIT_LOC_STRINGS = YES;
				SWIFT_VERSION = 6.0;
				TARGETED_DEVICE_FAMILY = "1,2";
			};
			name = Debug;
		};
		01A1B51D2BD10D930053BE3A /* Release */ = {
			isa = XCBuildConfiguration;
			buildSettings = {
				ASSETCATALOG_COMPILER_APPICON_NAME = AppIcon;
				ASSETCATALOG_COMPILER_GLOBAL_ACCENT_COLOR_NAME = AccentColor;
				CODE_SIGN_STYLE = Automatic;
				CURRENT_PROJECT_VERSION = 1;
				DEVELOPMENT_ASSET_PATHS = "\"nestymate-ios/Preview Content\"";
				DEVELOPMENT_TEAM = 4L623JD48M;
				ENABLE_PREVIEWS = YES;
				ENABLE_USER_SCRIPT_SANDBOXING = NO;
				GENERATE_INFOPLIST_FILE = YES;
				INFOPLIST_FILE = "nestymate-ios/Info.plist";
				INFOPLIST_KEY_CFBundleDisplayName = Nestymate;
				INFOPLIST_KEY_LSApplicationCategoryType = "public.app-category.utilities";
				INFOPLIST_KEY_UIApplicationSceneManifest_Generation = YES;
				INFOPLIST_KEY_UIApplicationSupportsIndirectInputEvents = YES;
				INFOPLIST_KEY_UILaunchScreen_Generation = YES;
				INFOPLIST_KEY_UISupportedInterfaceOrientations_iPad = "UIInterfaceOrientationPortrait UIInterfaceOrientationPortraitUpsideDown UIInterfaceOrientationLandscapeLeft UIInterfaceOrientationLandscapeRight";
				INFOPLIST_KEY_UISupportedInterfaceOrientations_iPhone = "UIInterfaceOrientationPortrait UIInterfaceOrientationLandscapeLeft UIInterfaceOrientationLandscapeRight";
				LD_RUNPATH_SEARCH_PATHS = (
					"$(inherited)",
					"@executable_path/Frameworks",
				);
				MARKETING_VERSION = 1.0;
				PRODUCT_BUNDLE_IDENTIFIER = "gr.selini.nestymate-ios";
				PRODUCT_NAME = "$(TARGET_NAME)";
				SWIFT_EMIT_LOC_STRINGS = YES;
				SWIFT_VERSION = 6.0;
				TARGETED_DEVICE_FAMILY = "1,2";
			};
			name = Release;
		};
		01A1B51F2BD10D930053BE3A /* Debug */ = {
			isa = XCBuildConfiguration;
			buildSettings = {
				BUNDLE_LOADER = "$(TEST_HOST)";
				CODE_SIGN_STYLE = Automatic;
				CURRENT_PROJECT_VERSION = 1;
				DEVELOPMENT_TEAM = 4L623JD48M;
				GENERATE_INFOPLIST_FILE = YES;
				IPHONEOS_DEPLOYMENT_TARGET = 17.2;
				MARKETING_VERSION = 1.0;
				PRODUCT_BUNDLE_IDENTIFIER = "gr.selini.nestymate-iosTests";
				PRODUCT_NAME = "$(TARGET_NAME)";
				SWIFT_EMIT_LOC_STRINGS = NO;
				SWIFT_VERSION = 5.0;
				TARGETED_DEVICE_FAMILY = "1,2";
				TEST_HOST = "$(BUILT_PRODUCTS_DIR)/nestymate-ios.app/$(BUNDLE_EXECUTABLE_FOLDER_PATH)/nestymate-ios";
			};
			name = Debug;
		};
		01A1B5202BD10D930053BE3A /* Release */ = {
			isa = XCBuildConfiguration;
			buildSettings = {
				BUNDLE_LOADER = "$(TEST_HOST)";
				CODE_SIGN_STYLE = Automatic;
				CURRENT_PROJECT_VERSION = 1;
				DEVELOPMENT_TEAM = 4L623JD48M;
				GENERATE_INFOPLIST_FILE = YES;
				IPHONEOS_DEPLOYMENT_TARGET = 17.2;
				MARKETING_VERSION = 1.0;
				PRODUCT_BUNDLE_IDENTIFIER = "gr.selini.nestymate-iosTests";
				PRODUCT_NAME = "$(TARGET_NAME)";
				SWIFT_EMIT_LOC_STRINGS = NO;
				SWIFT_VERSION = 5.0;
				TARGETED_DEVICE_FAMILY = "1,2";
				TEST_HOST = "$(BUILT_PRODUCTS_DIR)/nestymate-ios.app/$(BUNDLE_EXECUTABLE_FOLDER_PATH)/nestymate-ios";
			};
			name = Release;
		};
		01A1B5222BD10D930053BE3A /* Debug */ = {
			isa = XCBuildConfiguration;
			buildSettings = {
				CODE_SIGN_STYLE = Automatic;
				CURRENT_PROJECT_VERSION = 1;
				DEVELOPMENT_TEAM = 4L623JD48M;
				GENERATE_INFOPLIST_FILE = YES;
				MARKETING_VERSION = 1.0;
				PRODUCT_BUNDLE_IDENTIFIER = "gr.selini.nestymate-iosUITests";
				PRODUCT_NAME = "$(TARGET_NAME)";
				SWIFT_EMIT_LOC_STRINGS = NO;
				SWIFT_VERSION = 5.0;
				TARGETED_DEVICE_FAMILY = "1,2";
				TEST_TARGET_NAME = "nestymate-ios";
			};
			name = Debug;
		};
		01A1B5232BD10D930053BE3A /* Release */ = {
			isa = XCBuildConfiguration;
			buildSettings = {
				CODE_SIGN_STYLE = Automatic;
				CURRENT_PROJECT_VERSION = 1;
				DEVELOPMENT_TEAM = 4L623JD48M;
				GENERATE_INFOPLIST_FILE = YES;
				MARKETING_VERSION = 1.0;
				PRODUCT_BUNDLE_IDENTIFIER = "gr.selini.nestymate-iosUITests";
				PRODUCT_NAME = "$(TARGET_NAME)";
				SWIFT_EMIT_LOC_STRINGS = NO;
				SWIFT_VERSION = 5.0;
				TARGETED_DEVICE_FAMILY = "1,2";
				TEST_TARGET_NAME = "nestymate-ios";
			};
			name = Release;
		};
/* End XCBuildConfiguration section */

/* Begin XCConfigurationList section */
		01A1B4F22BD10D8C0053BE3A /* Build configuration list for PBXProject "nestymate-ios" */ = {
			isa = XCConfigurationList;
			buildConfigurations = (
				01A1B5192BD10D930053BE3A /* Debug */,
				01A1B51A2BD10D930053BE3A /* Release */,
			);
			defaultConfigurationIsVisible = 0;
			defaultConfigurationName = Release;
		};
		01A1B51B2BD10D930053BE3A /* Build configuration list for PBXNativeTarget "nestymate-ios" */ = {
			isa = XCConfigurationList;
			buildConfigurations = (
				01A1B51C2BD10D930053BE3A /* Debug */,
				01A1B51D2BD10D930053BE3A /* Release */,
			);
			defaultConfigurationIsVisible = 0;
			defaultConfigurationName = Release;
		};
		01A1B51E2BD10D930053BE3A /* Build configuration list for PBXNativeTarget "nestymate-iosTests" */ = {
			isa = XCConfigurationList;
			buildConfigurations = (
				01A1B51F2BD10D930053BE3A /* Debug */,
				01A1B5202BD10D930053BE3A /* Release */,
			);
			defaultConfigurationIsVisible = 0;
			defaultConfigurationName = Release;
		};
		01A1B5212BD10D930053BE3A /* Build configuration list for PBXNativeTarget "nestymate-iosUITests" */ = {
			isa = XCConfigurationList;
			buildConfigurations = (
				01A1B5222BD10D930053BE3A /* Debug */,
				01A1B5232BD10D930053BE3A /* Release */,
			);
			defaultConfigurationIsVisible = 0;
			defaultConfigurationName = Release;
		};
/* End XCConfigurationList section */
	};
	rootObject = 01A1B4EF2BD10D8C0053BE3A /* Project object */;
}
